# THIS IS AN AUTOGENERATED FILE. DO NOT EDIT THIS FILE DIRECTLY.
# yarn lockfile v1


"@jupyterlab/coreutils@^5.0.2":
  version "5.0.2"
  resolved "https://registry.yarnpkg.com/@jupyterlab/coreutils/-/coreutils-5.0.2.tgz#e1845cb05d228179babccf1a3cbfde8abe456113"
  integrity sha512-ViQoYjROvzfU2PuuH9kYpbBReIZafKcmJFEEflgf2fH6IW298tXQgNcT+dQiq8FjmyEVApoQM8r2pI1d1ztVPA==
  dependencies:
    "@lumino/coreutils" "^1.5.3"
    "@lumino/disposable" "^1.4.3"
    "@lumino/signaling" "^1.4.3"
    minimist "~1.2.0"
    moment "^2.24.0"
    path-browserify "^1.0.0"
    url-parse "~1.4.7"

"@jupyterlab/nbformat@^3.0.2":
  version "3.0.2"
  resolved "https://registry.yarnpkg.com/@jupyterlab/nbformat/-/nbformat-3.0.2.tgz#0e7509c25a0ab994348e77332f81406296a03623"
  integrity sha512-MYkUF4rkr/qhNQ2auvLYmVRwl39eIGRT1oJctCeiN2sTNtl5f1bts8KuNRhkYDOuryJUwouI1T4JsQpcE+mV6Q==
  dependencies:
    "@lumino/coreutils" "^1.5.3"

"@jupyterlab/observables@^4.0.2":
  version "4.0.2"
  resolved "https://registry.yarnpkg.com/@jupyterlab/observables/-/observables-4.0.2.tgz#a76256cf3afc23ace90a9f4e8ad96c8f2f398abf"
  integrity sha512-eLS0ThHEfM86eUeLHSLgjpf7BrRmgJJTTarn3FJSC0CVXVzx48Fcsvpa5mhbnWjSakzUT+LqbN4w4lFZabwz8A==
  dependencies:
    "@lumino/algorithm" "^1.3.3"
    "@lumino/coreutils" "^1.5.3"
    "@lumino/disposable" "^1.4.3"
    "@lumino/messaging" "^1.4.3"
    "@lumino/signaling" "^1.4.3"

"@jupyterlab/rendermime-interfaces@^3.0.0":
  version "3.0.3"
  resolved "https://registry.yarnpkg.com/@jupyterlab/rendermime-interfaces/-/rendermime-interfaces-3.0.3.tgz#ab2f5adc71b66a461d86904b3bf6d54d2cb28d95"
  integrity sha512-8Nfxb3e2sG0fNc6nuyxBcRoQKcyJtnQL/21e6yH+sQROqTTTZ/AGVoh8Rm4JPY8qw8q0jQPq+8aJoI39glu6uA==
  dependencies:
    "@jupyterlab/translation" "^3.0.3"
    "@lumino/coreutils" "^1.5.3"
    "@lumino/widgets" "^1.16.1"

"@jupyterlab/services@^6.0.3":
  version "6.0.3"
  resolved "https://registry.yarnpkg.com/@jupyterlab/services/-/services-6.0.3.tgz#60b65555fc1ab69065b9bee1892329b02a9ad607"
  integrity sha512-jgzJPDOMIMVTr57ZRWmeWZRICyyUyumR4HPMjf6BrB6RXytL1JZ/2m9qs1dX2zReAwWHV6bGVu/kZ/Hmqk9aiA==
  dependencies:
    "@jupyterlab/coreutils" "^5.0.2"
    "@jupyterlab/nbformat" "^3.0.2"
    "@jupyterlab/observables" "^4.0.2"
    "@jupyterlab/settingregistry" "^3.0.2"
    "@jupyterlab/statedb" "^3.0.2"
    "@lumino/algorithm" "^1.3.3"
    "@lumino/coreutils" "^1.5.3"
    "@lumino/disposable" "^1.4.3"
    "@lumino/polling" "^1.3.3"
    "@lumino/signaling" "^1.4.3"
    node-fetch "^2.6.0"
    ws "^7.2.0"

"@jupyterlab/settingregistry@^3.0.2":
  version "3.0.2"
  resolved "https://registry.yarnpkg.com/@jupyterlab/settingregistry/-/settingregistry-3.0.2.tgz#c64343b42de96b016df766cecdb3b97c6fca62c2"
  integrity sha512-M0ZPazePn5Jw8HX2H1t+I6ZgvsGYeTOonjlKoiDgkR178whYMZ7LdkTpUuX3fyEkhZ6aHpmrboXtw/H8TJiE+w==
  dependencies:
    "@jupyterlab/statedb" "^3.0.2"
    "@lumino/commands" "^1.12.0"
    "@lumino/coreutils" "^1.5.3"
    "@lumino/disposable" "^1.4.3"
    "@lumino/signaling" "^1.4.3"
    ajv "^6.12.3"
    json5 "^2.1.1"

"@jupyterlab/statedb@^3.0.2":
  version "3.0.2"
  resolved "https://registry.yarnpkg.com/@jupyterlab/statedb/-/statedb-3.0.2.tgz#6b0a99daa88d2054b42267d563c5e5588fd31371"
  integrity sha512-PILxap9OT8wUPNzS5/PpCMcGwgn5nrPkDURhmpOASaDWYkCfG72UzZP5H8ZpeZ5iV+Nf8/eg5WtJP66twEKnjA==
  dependencies:
    "@lumino/commands" "^1.12.0"
    "@lumino/coreutils" "^1.5.3"
    "@lumino/disposable" "^1.4.3"
    "@lumino/properties" "^1.2.3"
    "@lumino/signaling" "^1.4.3"

"@jupyterlab/translation@^3.0.3":
  version "3.0.3"
  resolved "https://registry.yarnpkg.com/@jupyterlab/translation/-/translation-3.0.3.tgz#44484f49be025a0a4cb0ed1e3a3cc191a8333d3b"
  integrity sha512-zfEeEIU8eiTVDgt0d1kptk0UzgU6eGtuYKRLT2KpskZcMR8KLiH5OT5prTXWVNd+cEEXy8193bqhmE6cQ4sTZw==
  dependencies:
    "@jupyterlab/coreutils" "^5.0.2"
    "@jupyterlab/services" "^6.0.3"
    "@jupyterlab/statedb" "^3.0.2"
    "@lumino/coreutils" "^1.5.3"

"@lumino/algorithm@^1.3.3":
  version "1.3.3"
  resolved "https://registry.yarnpkg.com/@lumino/algorithm/-/algorithm-1.3.3.tgz#fdf4daa407a1ce6f233e173add6a2dda0c99eef4"
  integrity sha512-I2BkssbOSLq3rDjgAC3fzf/zAIwkRUnAh60MO0lYcaFdSGyI15w4K3gwZHGIO0p9cKEiNHLXKEODGmOjMLOQ3g==

"@lumino/collections@^1.3.3":
  version "1.3.3"
  resolved "https://registry.yarnpkg.com/@lumino/collections/-/collections-1.3.3.tgz#fa95c826b93ee6e24b3c4b07c8f595312525f8cc"
  integrity sha512-vN3GSV5INkgM6tMLd+WqTgaPnQNTY7L/aFUtTOC8TJQm+vg1eSmR4fNXsoGHM3uA85ctSJThvdZr5triu1Iajg==
  dependencies:
    "@lumino/algorithm" "^1.3.3"

"@lumino/commands@^1.12.0":
  version "1.12.0"
  resolved "https://registry.yarnpkg.com/@lumino/commands/-/commands-1.12.0.tgz#63a744d034d8bc524455e47f06c0ac5f2eb6ec38"
  integrity sha512-5TFlhDzZk1X8rCBjhh0HH3j6CcJ03mx2Pd/1rGa7MB5R+3+yYYk+gTlfHRqsxdehNRmiISaHRSrMnW8bynW7ZQ==
  dependencies:
    "@lumino/algorithm" "^1.3.3"
    "@lumino/coreutils" "^1.5.3"
    "@lumino/disposable" "^1.4.3"
    "@lumino/domutils" "^1.2.3"
    "@lumino/keyboard" "^1.2.3"
    "@lumino/signaling" "^1.4.3"
    "@lumino/virtualdom" "^1.8.0"

"@lumino/coreutils@^1.5.3":
  version "1.5.3"
  resolved "https://registry.yarnpkg.com/@lumino/coreutils/-/coreutils-1.5.3.tgz#89dd7b7f381642a1bf568910c5b62c7bde705d71"
  integrity sha512-G72jJ6sgOwAUuilz+cri7LpHIJxllK+qz+YZUC3fyyWHK7oRlZemcc43jZAVE+tagTdMxKYSQWNIVzM5lI8sWw==

"@lumino/disposable@^1.4.3":
  version "1.4.3"
  resolved "https://registry.yarnpkg.com/@lumino/disposable/-/disposable-1.4.3.tgz#0a69b15cc5a1e506f93bb390ac44aae338da3c36"
  integrity sha512-zKQ9N2AEGcYpG6PJkeMWQXvoXU9w1ocji78z+fboM/SmSgtOIVGeQt3fZeldymf0XrlOPpNXs1ZFg54yWUMnXA==
  dependencies:
    "@lumino/algorithm" "^1.3.3"
    "@lumino/signaling" "^1.4.3"

"@lumino/domutils@^1.2.3":
  version "1.2.3"
  resolved "https://registry.yarnpkg.com/@lumino/domutils/-/domutils-1.2.3.tgz#7e8e549a97624bfdbd4dd95ae4d1e30b87799822"
  integrity sha512-SEi8WZSy+DWMkL5CfAY78MHbi3x83AVmRFxjs9+A6qsFPde+Hr1I4DNtLsSDmfAWsobHHgBnjyNp2ZkQEq0IEA==

"@lumino/dragdrop@^1.7.1":
  version "1.7.1"
  resolved "https://registry.yarnpkg.com/@lumino/dragdrop/-/dragdrop-1.7.1.tgz#1466206d43a64dadca383e0b9a87cc8a14c8c59b"
  integrity sha512-IeSSOTmpqBSWz+EVsbGVeHe/KIaHaUsQXZ4BJCEbCKgNGHbqMfUOtlneiKq7rEhZGF4wYs7gWWjNhMVZbUGO9Q==
  dependencies:
    "@lumino/coreutils" "^1.5.3"
    "@lumino/disposable" "^1.4.3"

"@lumino/keyboard@^1.2.3":
  version "1.2.3"
  resolved "https://registry.yarnpkg.com/@lumino/keyboard/-/keyboard-1.2.3.tgz#594c73233636d85ed035b1a37a095acf956cfe8c"
  integrity sha512-ibS0sz0VABeuJXx2JVSz36sUBMUOcQNCNPybVhwzN/GkJFs0dnDKluMu+3Px0tkB2y33bGPZU/RLZY1Xj/faEA==

"@lumino/messaging@^1.2.2", "@lumino/messaging@^1.4.3":
  version "1.4.3"
  resolved "https://registry.yarnpkg.com/@lumino/messaging/-/messaging-1.4.3.tgz#75a1901f53086c7c0e978a63cb784eae5cc59f3f"
  integrity sha512-wa2Pj2KOuLNLS2n0wVBzUVFGbvjL1FLbuCOAUEYfN6xXVleqqtGGzd08uTF7ebu01KCO3VQ38+dkvoaM/C2qPw==
  dependencies:
    "@lumino/algorithm" "^1.3.3"
    "@lumino/collections" "^1.3.3"

"@lumino/polling@^1.3.3":
  version "1.3.3"
  resolved "https://registry.yarnpkg.com/@lumino/polling/-/polling-1.3.3.tgz#6336638cb9ba2f4f4c3ef2529c7f260abbd25148"
  integrity sha512-uMRi6sPRnKW8m38WUY3qox1jxwzpvceafUbDJATCwyrZ48+YoY5Fxfmd9dqwioHS1aq9np5c6L35a9ZGuS0Maw==
  dependencies:
    "@lumino/coreutils" "^1.5.3"
    "@lumino/disposable" "^1.4.3"
    "@lumino/signaling" "^1.4.3"

"@lumino/properties@^1.2.3":
  version "1.2.3"
  resolved "https://registry.yarnpkg.com/@lumino/properties/-/properties-1.2.3.tgz#10675e554e4a9dcc4022de01875fd51f33e2c785"
  integrity sha512-dbS9V/L+RpQoRjxHMAGh1JYoXaLA6F7xkVbg/vmYXqdXZ7DguO5C3Qteu9tNp7Z7Q31TqFWUCrniTI9UJiJCoQ==

"@lumino/signaling@^1.4.3":
  version "1.4.3"
  resolved "https://registry.yarnpkg.com/@lumino/signaling/-/signaling-1.4.3.tgz#d29f7f542fdcd70b91ca275d3ca793ae21cebf6a"
  integrity sha512-6clc8SMcH0tyKXIX31xw6sxjxJl5hj4YRd1DTHTS62cegQ0FkO8JjJeuv+Nc1pgTg6nEAf65aSOHpUdsFHDAvQ==
  dependencies:
    "@lumino/algorithm" "^1.3.3"

"@lumino/virtualdom@^1.8.0":
  version "1.8.0"
  resolved "https://registry.yarnpkg.com/@lumino/virtualdom/-/virtualdom-1.8.0.tgz#42ea5778e3870e4961ea36697b28aab997c75fa6"
  integrity sha512-X/1b8b7TxB9tb4+xQiS8oArcA/AK7NBZrsg2dzu/gHa3JC45R8nzQ+0tObD8Nd0gF/e9w9Ps9M62rLfefcbbKw==
  dependencies:
    "@lumino/algorithm" "^1.3.3"

"@lumino/widgets@^1.11.0", "@lumino/widgets@^1.16.1":
  version "1.18.0"
  resolved "https://registry.yarnpkg.com/@lumino/widgets/-/widgets-1.18.0.tgz#fa8ce727126a1e91b9f3ba78e08425115046e3ac"
  integrity sha512-8i10njkGjctuXrbaoV2dRI2rVUaL7eA5djtHj36pX9cALwciEPHNecF6hoZXmQ4ODv6LTwhr87Uz8LT4Aan77A==
  dependencies:
    "@lumino/algorithm" "^1.3.3"
    "@lumino/commands" "^1.12.0"
    "@lumino/coreutils" "^1.5.3"
    "@lumino/disposable" "^1.4.3"
    "@lumino/domutils" "^1.2.3"
    "@lumino/dragdrop" "^1.7.1"
    "@lumino/keyboard" "^1.2.3"
    "@lumino/messaging" "^1.4.3"
    "@lumino/properties" "^1.2.3"
    "@lumino/signaling" "^1.4.3"
    "@lumino/virtualdom" "^1.8.0"

"@noworkflow/history@0.0.10":
  version "0.0.10"
  resolved "https://registry.yarnpkg.com/@noworkflow/history/-/history-0.0.10.tgz#88787b66ff1bfd29d257defc536acad9a14f0580"
  integrity sha512-rYsEBzK2xM3ujAU5XLHfxGtCIr1+0/h6gVArAdilxRGITL6Nbxn3Q9x5wO0+b4VBjKGQeQipWp96Z26kfno3IQ==
  dependencies:
    "@noworkflow/utils" "0.0.8"
    d3 "^6.5.0"
    file-saver "^2.0.5"

"@noworkflow/trial@0.0.7":
  version "0.0.7"
  resolved "https://registry.yarnpkg.com/@noworkflow/trial/-/trial-0.0.7.tgz#9885e7ab2a991a745954de0b9020a0a8df2be851"
  integrity sha512-tGM1fNMJ8QDlGWOvqgVsIxvk6r4sWClonWMMHxEpwzJstWN/u1rMxIrIINiBun9t5mLKAwH57WuaKxOa3OgSgA==
  dependencies:
    "@noworkflow/utils" "0.0.8"
    d3 "^6.5.0"
    file-saver "^2.0.5"

"@noworkflow/utils@0.0.8":
  version "0.0.8"
  resolved "https://registry.yarnpkg.com/@noworkflow/utils/-/utils-0.0.8.tgz#c0d298c6f107d7a102b92b2d7bb62ca9f4ca08c4"
  integrity sha512-G29T3XcqvswX/6OBbUAZSNByk9/AQDRgXJqEnlnYFmzmx5egItIOfJameJR5GUqVqAoIoJX+Zim0iQhg0+/PCw==
  dependencies:
    d3 "^6.5.0"

"@types/codemirror@^0.0.107":
  version "0.0.107"
  resolved "https://registry.yarnpkg.com/@types/codemirror/-/codemirror-0.0.107.tgz#2800d142f489a1137414df30665633bbfbf4abaa"
  integrity sha512-F3Uh8xBmZWeMckWPVrcG5TBQIr/rZM7dQfx8D0pHCb372MIWFBwc5mjLBpYPcxGpmgNM/p6bl619XwyzBUQTrQ==
  dependencies:
    "@types/tern" "*"

"@types/d3-array@*":
  version "2.9.0"
  resolved "https://registry.yarnpkg.com/@types/d3-array/-/d3-array-2.9.0.tgz#fb6c3d7d7640259e68771cd90cc5db5ac1a1a012"
  integrity sha512-sdBMGfNvLUkBypPMEhOcKcblTQfgHbqbYrUqRE31jOwdDHBJBxz4co2MDAq93S4Cp++phk4UiwoEg/1hK3xXAQ==

"@types/d3-axis@*":
  version "2.0.0"
  resolved "https://registry.yarnpkg.com/@types/d3-axis/-/d3-axis-2.0.0.tgz#a3e7534d3c399c20ba42ec3093dd2a385659366e"
  integrity sha512-gUdlEwGBLl3tXGiBnBNmNzph9W3bCfa4tBgWZD60Z1eDQKTY4zyCAcZ3LksignGfKawYatmDYcBdjJ5h/54sqA==
  dependencies:
    "@types/d3-selection" "*"

"@types/d3-brush@*":
  version "2.1.0"
  resolved "https://registry.yarnpkg.com/@types/d3-brush/-/d3-brush-2.1.0.tgz#c51ad1ab93887b23be7637d2100540f1df0dac00"
  integrity sha512-rLQqxQeXWF4ArXi81GlV8HBNwJw9EDpz0jcWvvzv548EDE4tXrayBTOHYi/8Q4FZ/Df8PGXFzxpAVQmJMjOtvQ==
  dependencies:
    "@types/d3-selection" "*"

"@types/d3-chord@*":
  version "2.0.0"
  resolved "https://registry.yarnpkg.com/@types/d3-chord/-/d3-chord-2.0.0.tgz#8d7085e2828418f2c5087e512f276559499bacfd"
  integrity sha512-3nHsLY7lImpZlM/hrPeDqqW2a+lRXXoHsG54QSurDGihZAIE/doQlohs0evoHrWOJqXyn4A4xbSVEtXnMEZZiw==

"@types/d3-color@*":
  version "2.0.1"
  resolved "https://registry.yarnpkg.com/@types/d3-color/-/d3-color-2.0.1.tgz#570ea7f8b853461301804efa52bd790a640a26db"
  integrity sha512-u7LTCL7RnaavFSmob2rIAJLNwu50i6gFwY9cHFr80BrQURYQBRkJ+Yv47nA3Fm7FeRhdWTiVTeqvSeOuMAOzBQ==

"@types/d3-contour@*":
  version "2.0.0"
  resolved "https://registry.yarnpkg.com/@types/d3-contour/-/d3-contour-2.0.0.tgz#6e079f281b29a8df3fcbd3ec193f2cf1d0b4a584"
  integrity sha512-PS9UO6zBQqwHXsocbpdzZFONgK1oRUgWtjjh/iz2vM06KaXLInLiKZ9e3OLBRerc1cU2uJYpO+8zOnb6frvCGQ==
  dependencies:
    "@types/d3-array" "*"
    "@types/geojson" "*"

"@types/d3-delaunay@*":
  version "5.3.0"
  resolved "https://registry.yarnpkg.com/@types/d3-delaunay/-/d3-delaunay-5.3.0.tgz#416169bb5c67a510c87b55d092a404fcab49def3"
  integrity sha512-gJYcGxLu0xDZPccbUe32OUpeaNtd1Lz0NYJtko6ZLMyG2euF4pBzrsQXms67LHZCDFzzszw+dMhSL/QAML3bXw==

"@types/d3-dispatch@*":
  version "2.0.0"
  resolved "https://registry.yarnpkg.com/@types/d3-dispatch/-/d3-dispatch-2.0.0.tgz#1f8803041b73b81f2c751e026b7bb63dd5f24ce0"
  integrity sha512-Sh0KW6z/d7uxssD7K4s4uCSzlEG/+SP+U47q098NVdOfFvUKNTvKAIV4XqjxsUuhE/854ARAREHOxkr9gQOCyg==

"@types/d3-drag@*":
  version "2.0.0"
  resolved "https://registry.yarnpkg.com/@types/d3-drag/-/d3-drag-2.0.0.tgz#ef66acc422576fbe10b8bd66af45a9fb8525199a"
  integrity sha512-VaUJPjbMnDn02tcRqsHLRAX5VjcRIzCjBfeXTLGe6QjMn5JccB5Cz4ztMRXMJfkbC45ovgJFWuj6DHvWMX1thA==
  dependencies:
    "@types/d3-selection" "*"

"@types/d3-dsv@*":
  version "2.0.1"
  resolved "https://registry.yarnpkg.com/@types/d3-dsv/-/d3-dsv-2.0.1.tgz#44ce09b025cf365d27cbe11fc13cd10954369627"
  integrity sha512-wovgiG9Mgkr/SZ/m/c0m+RwrIT4ozsuCWeLxJyoObDWsie2DeQT4wzMdHZPR9Ya5oZLQT3w3uSl0NehG0+0dCA==

"@types/d3-ease@*":
  version "2.0.0"
  resolved "https://registry.yarnpkg.com/@types/d3-ease/-/d3-ease-2.0.0.tgz#798cbd9908d26cfe9f1a295a3a75164da9a3666e"
  integrity sha512-6aZrTyX5LG+ptofVHf+gTsThLRY1nhLotJjgY4drYqk1OkJMu2UvuoZRlPw2fffjRHeYepue3/fxTufqKKmvsA==

"@types/d3-fetch@*":
  version "2.0.0"
  resolved "https://registry.yarnpkg.com/@types/d3-fetch/-/d3-fetch-2.0.0.tgz#580846256ed0011b36a08ebb36924e0dff70e27e"
  integrity sha512-WnLepGtxepFfXRdPI8I5FTgNiHn9p4vMTTqaNCzJJfAswXx0rOY2jjeolzEU063em3iJmGZ+U79InnEeFOrCRw==
  dependencies:
    "@types/d3-dsv" "*"

"@types/d3-force@*":
  version "2.1.0"
  resolved "https://registry.yarnpkg.com/@types/d3-force/-/d3-force-2.1.0.tgz#6a2210f04d02a0862c6b069de91bad904143e7b5"
  integrity sha512-LGDtC2YADu8OBniq9EBx/MOsXsMcJbEkmfSpXuz6oVdRamB+3CLCiq5EKFPEILGZQckkilGFq1ZTJ7kc289k+Q==

"@types/d3-format@*":
  version "2.0.0"
  resolved "https://registry.yarnpkg.com/@types/d3-format/-/d3-format-2.0.0.tgz#607d261cb268f0a027f100575491031539a40ee6"
  integrity sha512-uagdkftxnGkO4pZw5jEYOM5ZnZOEsh7z8j11Qxk85UkB2RzfUUxRl7R9VvvJZHwKn8l+x+rpS77Nusq7FkFmIg==

"@types/d3-geo@*":
  version "2.0.0"
  resolved "https://registry.yarnpkg.com/@types/d3-geo/-/d3-geo-2.0.0.tgz#6f179512343c2d30e06acde190abfacf44b2d264"
  integrity sha512-DHHgYXW36lnAEQMYU2udKVOxxljHrn2EdOINeSC9jWCAXwOnGn7A19B8sNsHqgpu4F7O2bSD7//cqBXD3W0Deg==
  dependencies:
    "@types/geojson" "*"

"@types/d3-hierarchy@*":
  version "2.0.0"
  resolved "https://registry.yarnpkg.com/@types/d3-hierarchy/-/d3-hierarchy-2.0.0.tgz#92079d9dbcec1dfe2736fb050a8bf916e5850a1c"
  integrity sha512-YxdskUvwzqggpnSnDQj4KVkicgjpkgXn/g/9M9iGsiToLS3nG6Ytjo1FoYhYVAAElV/fJBGVL3cQ9Hb7tcv+lw==

"@types/d3-interpolate@*":
  version "2.0.0"
  resolved "https://registry.yarnpkg.com/@types/d3-interpolate/-/d3-interpolate-2.0.0.tgz#325029216dc722c1c68c33ccda759f1209d35823"
  integrity sha512-Wt1v2zTlEN8dSx8hhx6MoOhWQgTkz0Ukj7owAEIOF2QtI0e219paFX9rf/SLOr/UExWb1TcUzatU8zWwFby6gg==
  dependencies:
    "@types/d3-color" "*"

"@types/d3-path@*":
  version "2.0.0"
  resolved "https://registry.yarnpkg.com/@types/d3-path/-/d3-path-2.0.0.tgz#dcc7f5ecadf52b0c0c39f6c1def3733195e4b199"
  integrity sha512-tXcR/9OtDdeCIsyl6eTNHC3XOAOdyc6ceF3QGBXOd9jTcK+ex/ecr00p9L9362e/op3UEPpxrToi1FHrtTSj7Q==

"@types/d3-path@^1":
  version "1.0.9"
  resolved "https://registry.yarnpkg.com/@types/d3-path/-/d3-path-1.0.9.tgz#73526b150d14cd96e701597cbf346cfd1fd4a58c"
  integrity sha512-NaIeSIBiFgSC6IGUBjZWcscUJEq7vpVu7KthHN8eieTV9d9MqkSOZLH4chq1PmcKy06PNe3axLeKmRIyxJ+PZQ==

"@types/d3-polygon@*":
  version "2.0.0"
  resolved "https://registry.yarnpkg.com/@types/d3-polygon/-/d3-polygon-2.0.0.tgz#8b1df0a1358016e62c4961b01e8dc8e5ab4c64e5"
  integrity sha512-fISnMd8ePED1G4aa4V974Jmt+ajHSgPoxMa2D0ULxMybpx0Vw4WEzhQEaMIrL3hM8HVRcKTx669I+dTy/4PhAw==

"@types/d3-quadtree@*":
  version "2.0.0"
  resolved "https://registry.yarnpkg.com/@types/d3-quadtree/-/d3-quadtree-2.0.0.tgz#b17e953dc061e083966075bba0d3a9a259812150"
  integrity sha512-YZuJuGBnijD0H+98xMJD4oZXgv/umPXy5deu3IimYTPGH3Kr8Th6iQUff0/6S80oNBD7KtOuIHwHUCymUiRoeQ==

"@types/d3-random@*":
  version "2.2.0"
  resolved "https://registry.yarnpkg.com/@types/d3-random/-/d3-random-2.2.0.tgz#fc44cabb966917459490b758f31f5359adeabe5b"
  integrity sha512-Hjfj9m68NmYZzushzEG7etPvKH/nj9b9s9+qtkNG3/dbRBjQZQg1XS6nRuHJcCASTjxXlyXZnKu2gDxyQIIu9A==

"@types/d3-scale-chromatic@*":
  version "2.0.0"
  resolved "https://registry.yarnpkg.com/@types/d3-scale-chromatic/-/d3-scale-chromatic-2.0.0.tgz#8d4a6f07cbbf2a9f2a4bec9c9476c27ed76a96ea"
  integrity sha512-Y62+2clOwZoKua84Ha0xU77w7lePiaBoTjXugT4l8Rd5LAk+Mn/ZDtrgs087a+B5uJ3jYUHHtKw5nuEzp0WBHw==

"@types/d3-scale@*":
  version "3.2.2"
  resolved "https://registry.yarnpkg.com/@types/d3-scale/-/d3-scale-3.2.2.tgz#5e28d0b1c599328aaec6094219f10a2570be6d74"
  integrity sha512-qpQe8G02tzUwt9sdWX1h8A/W0Q1+N48wMnYXVOkrzeLUkCfvzJYV9Ee3aORCS4dN4ONRLFmMvaXdziQ29XGLjQ==
  dependencies:
    "@types/d3-time" "*"

"@types/d3-selection@*":
  version "2.0.0"
  resolved "https://registry.yarnpkg.com/@types/d3-selection/-/d3-selection-2.0.0.tgz#59df94a8e47ed1050a337d4ffb4d4d213aa590a8"
  integrity sha512-EF0lWZ4tg7oDFg4YQFlbOU3936e3a9UmoQ2IXlBy1+cv2c2Pv7knhKUzGlH5Hq2sF/KeDTH1amiRPey2rrLMQA==

"@types/d3-shape@*":
  version "2.0.0"
  resolved "https://registry.yarnpkg.com/@types/d3-shape/-/d3-shape-2.0.0.tgz#61aa065726f3c2641aedc59c3603475ab11aeb2f"
  integrity sha512-NLzD02m5PiD1KLEDjLN+MtqEcFYn4ZL9+Rqc9ZwARK1cpKZXd91zBETbe6wpBB6Ia0D0VZbpmbW3+BsGPGnCpA==
  dependencies:
    "@types/d3-path" "^1"

"@types/d3-time-format@*":
  version "3.0.0"
  resolved "https://registry.yarnpkg.com/@types/d3-time-format/-/d3-time-format-3.0.0.tgz#913e984362a59792dc8d8b122dd17625991eade2"
  integrity sha512-UpLg1mn/8PLyjr+J/JwdQJM/GzysMvv2CS8y+WYAL5K0+wbvXv/pPSLEfdNaprCZsGcXTxPsFMy8QtkYv9ueew==

"@types/d3-time@*":
  version "2.0.0"
  resolved "https://registry.yarnpkg.com/@types/d3-time/-/d3-time-2.0.0.tgz#831dd093db91f16b83ba980e194bb8e4bcef44d6"
  integrity sha512-Abz8bTzy8UWDeYs9pCa3D37i29EWDjNTjemdk0ei1ApYVNqulYlGUKip/jLOpogkPSsPz/GvZCYiC7MFlEk0iQ==

"@types/d3-timer@*":
  version "2.0.0"
  resolved "https://registry.yarnpkg.com/@types/d3-timer/-/d3-timer-2.0.0.tgz#9901bb02af38798764674df17d66b07329705632"
  integrity sha512-l6stHr1VD1BWlW6u3pxrjLtJfpPZq9I3XmKIQtq7zHM/s6fwEtI1Yn6Sr5/jQTrUDCC5jkS6gWqlFGCDArDqNg==

"@types/d3-transition@*":
  version "2.0.0"
  resolved "https://registry.yarnpkg.com/@types/d3-transition/-/d3-transition-2.0.0.tgz#6f073f0b567c13b7a3dcd1d54214c89f48c5a873"
  integrity sha512-UJDzI98utcZQUJt3uIit/Ho0/eBIANzrWJrTmi4+TaKIyWL2iCu7ShP0o4QajCskhyjOA7C8+4CE3b1YirTzEQ==
  dependencies:
    "@types/d3-selection" "*"

"@types/d3-zoom@*":
  version "2.0.0"
  resolved "https://registry.yarnpkg.com/@types/d3-zoom/-/d3-zoom-2.0.0.tgz#ef8b87464e8ebc7c66b70f6383d1ae841e78e7fc"
  integrity sha512-daL0PJm4yT0ISTGa7p2lHX0kvv9FO/IR1ooWbHR/7H4jpbaKiLux5FslyS/OvISPiJ5SXb4sOqYhO6fMB6hKRw==
  dependencies:
    "@types/d3-interpolate" "*"
    "@types/d3-selection" "*"

"@types/d3@^6.3.0":
  version "6.3.0"
  resolved "https://registry.yarnpkg.com/@types/d3/-/d3-6.3.0.tgz#28d1bfd4e5ef6a38535d8ef0884d452192719528"
  integrity sha512-YILdGsjNTbvkWZKsBasB4cVDwNPnni7ILMJg9keMErQHyuII2yO2jyFdUy5E+7k/HTNP/AucrPddQuu27udbeA==
  dependencies:
    "@types/d3-array" "*"
    "@types/d3-axis" "*"
    "@types/d3-brush" "*"
    "@types/d3-chord" "*"
    "@types/d3-color" "*"
    "@types/d3-contour" "*"
    "@types/d3-delaunay" "*"
    "@types/d3-dispatch" "*"
    "@types/d3-drag" "*"
    "@types/d3-dsv" "*"
    "@types/d3-ease" "*"
    "@types/d3-fetch" "*"
    "@types/d3-force" "*"
    "@types/d3-format" "*"
    "@types/d3-geo" "*"
    "@types/d3-hierarchy" "*"
    "@types/d3-interpolate" "*"
    "@types/d3-path" "*"
    "@types/d3-polygon" "*"
    "@types/d3-quadtree" "*"
    "@types/d3-random" "*"
    "@types/d3-scale" "*"
    "@types/d3-scale-chromatic" "*"
    "@types/d3-selection" "*"
    "@types/d3-shape" "*"
    "@types/d3-time" "*"
    "@types/d3-time-format" "*"
    "@types/d3-timer" "*"
    "@types/d3-transition" "*"
    "@types/d3-zoom" "*"

"@types/estree@*":
  version "0.0.46"
  resolved "https://registry.yarnpkg.com/@types/estree/-/estree-0.0.46.tgz#0fb6bfbbeabd7a30880504993369c4bf1deab1fe"
  integrity sha512-laIjwTQaD+5DukBZaygQ79K1Z0jb1bPEMRrkXSLjtCcZm+abyp5YbrqpSLzD42FwWW6gK/aS4NYpJ804nG2brg==

"@types/geojson@*":
  version "7946.0.7"
  resolved "https://registry.yarnpkg.com/@types/geojson/-/geojson-7946.0.7.tgz#c8fa532b60a0042219cdf173ca21a975ef0666ad"
  integrity sha512-wE2v81i4C4Ol09RtsWFAqg3BUitWbHSpSlIo+bNdsCJijO9sjme+zm+73ZMCa/qMC8UEERxzGbvmr1cffo2SiQ==

"@types/tern@*":
  version "0.23.3"
  resolved "https://registry.yarnpkg.com/@types/tern/-/tern-0.23.3.tgz#4b54538f04a88c9ff79de1f6f94f575a7f339460"
  integrity sha512-imDtS4TAoTcXk0g7u4kkWqedB3E4qpjXzCpD2LU5M5NAXHzCDsypyvXSaG7mM8DKYkCRa7tFp4tS/lp/Wo7Q3w==
  dependencies:
    "@types/estree" "*"

ajv@^6.12.3:
  version "6.12.6"
  resolved "https://registry.yarnpkg.com/ajv/-/ajv-6.12.6.tgz#baf5a62e802b07d977034586f8c3baf5adf26df4"
  integrity sha512-j3fVLgvTo527anyYyJOGTYJbG+vnnQYvE0m5mmkc1TK+nxAppkCLMIL0aZ4dblVCNoGShhm+kzE4ZUykBoMg4g==
  dependencies:
    fast-deep-equal "^3.1.1"
    fast-json-stable-stringify "^2.0.0"
    json-schema-traverse "^0.4.1"
    uri-js "^4.2.2"

balanced-match@^1.0.0:
  version "1.0.0"
  resolved "https://registry.yarnpkg.com/balanced-match/-/balanced-match-1.0.0.tgz#89b4d199ab2bee49de164ea02b89ce462d71b767"
  integrity sha1-ibTRmasr7kneFk6gK4nORi1xt2c=

brace-expansion@^1.1.7:
  version "1.1.11"
  resolved "https://registry.yarnpkg.com/brace-expansion/-/brace-expansion-1.1.11.tgz#3c7fcbf529d87226f3d2f52b966ff5271eb441dd"
  integrity sha512-iCuPHDFgrHX7H2vEI/5xpz07zSHB00TpugqhmYtVmMO6518mCuRMoOYFldEBl0g187ufozdaHgWKcYFb61qGiA==
  dependencies:
    balanced-match "^1.0.0"
    concat-map "0.0.1"

codemirror@^5.59.2:
  version "5.59.2"
  resolved "https://registry.yarnpkg.com/codemirror/-/codemirror-5.59.2.tgz#ee674d3a4a8d241af38d52afc482625ba7393922"
  integrity sha512-/D5PcsKyzthtSy2NNKCyJi3b+htRkoKv3idswR/tR6UAvMNKA7SrmyZy6fOONJxSRs1JlUWEDAbxqfdArbK8iA==

commander@2:
  version "2.20.3"
  resolved "https://registry.yarnpkg.com/commander/-/commander-2.20.3.tgz#fd485e84c03eb4881c20722ba48035e8531aeb33"
  integrity sha512-GpVkmM8vF2vQUkj2LvZmD35JxeJOLCwJ9cUkugyk2nuhbv3+mJvpLYYt+0+USMxE+oj+ey/lJEnhZw75x/OMcQ==

concat-map@0.0.1:
  version "0.0.1"
  resolved "https://registry.yarnpkg.com/concat-map/-/concat-map-0.0.1.tgz#d8a96bd77fd68df7793a73036a3ba0d5405d477b"
  integrity sha1-2Klr13/Wjfd5OnMDajug1UBdR3s=

d3-array@2, d3-array@>=2.5, d3-array@^2.3.0:
  version "2.11.0"
  resolved "https://registry.yarnpkg.com/d3-array/-/d3-array-2.11.0.tgz#5ed6a2869bc7d471aec8df9ff6ed9fef798facc4"
  integrity sha512-26clcwmHQEdsLv34oNKq5Ia9tQ26Y/4HqS3dQzF42QBUqymZJ+9PORcN1G52bt37NsL2ABoX4lvyYZc+A9Y0zw==
  dependencies:
    internmap "^1.0.0"

d3-axis@2:
  version "2.0.0"
  resolved "https://registry.yarnpkg.com/d3-axis/-/d3-axis-2.0.0.tgz#40aebb65626ffe6d95e9441fbf9194274b328a8b"
  integrity sha512-9nzB0uePtb+u9+dWir+HTuEAKJOEUYJoEwbJPsZ1B4K3iZUgzJcSENQ05Nj7S4CIfbZZ8/jQGoUzGKFznBhiiQ==

d3-brush@2:
  version "2.1.0"
  resolved "https://registry.yarnpkg.com/d3-brush/-/d3-brush-2.1.0.tgz#adadfbb104e8937af142e9a6e2028326f0471065"
  integrity sha512-cHLLAFatBATyIKqZOkk/mDHUbzne2B3ZwxkzMHvFTCZCmLaXDpZRihQSn8UNXTkGD/3lb/W2sQz0etAftmHMJQ==
  dependencies:
    d3-dispatch "1 - 2"
    d3-drag "2"
    d3-interpolate "1 - 2"
    d3-selection "2"
    d3-transition "2"

d3-chord@2:
  version "2.0.0"
  resolved "https://registry.yarnpkg.com/d3-chord/-/d3-chord-2.0.0.tgz#32491b5665391180560f738e5c1ccd1e3c47ebae"
  integrity sha512-D5PZb7EDsRNdGU4SsjQyKhja8Zgu+SHZfUSO5Ls8Wsn+jsAKUUGkcshLxMg9HDFxG3KqavGWaWkJ8EpU8ojuig==
  dependencies:
    d3-path "1 - 2"

"d3-color@1 - 2", d3-color@2:
  version "2.0.0"
  resolved "https://registry.yarnpkg.com/d3-color/-/d3-color-2.0.0.tgz#8d625cab42ed9b8f601a1760a389f7ea9189d62e"
  integrity sha512-SPXi0TSKPD4g9tw0NMZFnR95XVgUZiBH+uUTqQuDu1OsE2zomHU7ho0FISciaPvosimixwHFl3WHLGabv6dDgQ==

d3-contour@2:
  version "2.0.0"
  resolved "https://registry.yarnpkg.com/d3-contour/-/d3-contour-2.0.0.tgz#80ee834988563e3bea9d99ddde72c0f8c089ea40"
  integrity sha512-9unAtvIaNk06UwqBmvsdHX7CZ+NPDZnn8TtNH1myW93pWJkhsV25JcgnYAu0Ck5Veb1DHiCv++Ic5uvJ+h50JA==
  dependencies:
    d3-array "2"

d3-delaunay@5:
  version "5.3.0"
  resolved "https://registry.yarnpkg.com/d3-delaunay/-/d3-delaunay-5.3.0.tgz#b47f05c38f854a4e7b3cea80e0bb12e57398772d"
  integrity sha512-amALSrOllWVLaHTnDLHwMIiz0d1bBu9gZXd1FiLfXf8sHcX9jrcj81TVZOqD4UX7MgBZZ07c8GxzEgBpJqc74w==
  dependencies:
    delaunator "4"

"d3-dispatch@1 - 2", d3-dispatch@2:
  version "2.0.0"
  resolved "https://registry.yarnpkg.com/d3-dispatch/-/d3-dispatch-2.0.0.tgz#8a18e16f76dd3fcaef42163c97b926aa9b55e7cf"
  integrity sha512-S/m2VsXI7gAti2pBoLClFFTMOO1HTtT0j99AuXLoGFKO6deHDdnv6ZGTxSTTUTgO1zVcv82fCOtDjYK4EECmWA==

d3-drag@2:
  version "2.0.0"
  resolved "https://registry.yarnpkg.com/d3-drag/-/d3-drag-2.0.0.tgz#9eaf046ce9ed1c25c88661911c1d5a4d8eb7ea6d"
  integrity sha512-g9y9WbMnF5uqB9qKqwIIa/921RYWzlUDv9Jl1/yONQwxbOfszAWTCm8u7HOTgJgRDXiRZN56cHT9pd24dmXs8w==
  dependencies:
    d3-dispatch "1 - 2"
    d3-selection "2"

"d3-dsv@1 - 2", d3-dsv@2:
  version "2.0.0"
  resolved "https://registry.yarnpkg.com/d3-dsv/-/d3-dsv-2.0.0.tgz#b37b194b6df42da513a120d913ad1be22b5fe7c5"
  integrity sha512-E+Pn8UJYx9mViuIUkoc93gJGGYut6mSDKy2+XaPwccwkRGlR+LO97L2VCCRjQivTwLHkSnAJG7yo00BWY6QM+w==
  dependencies:
    commander "2"
    iconv-lite "0.4"
    rw "1"

"d3-ease@1 - 2", d3-ease@2:
  version "2.0.0"
  resolved "https://registry.yarnpkg.com/d3-ease/-/d3-ease-2.0.0.tgz#fd1762bfca00dae4bacea504b1d628ff290ac563"
  integrity sha512-68/n9JWarxXkOWMshcT5IcjbB+agblQUaIsbnXmrzejn2O82n3p2A9R2zEB9HIEFWKFwPAEDDN8gR0VdSAyyAQ==

d3-fetch@2:
  version "2.0.0"
  resolved "https://registry.yarnpkg.com/d3-fetch/-/d3-fetch-2.0.0.tgz#ecd7ef2128d9847a3b41b548fec80918d645c064"
  integrity sha512-TkYv/hjXgCryBeNKiclrwqZH7Nb+GaOwo3Neg24ZVWA3MKB+Rd+BY84Nh6tmNEMcjUik1CSUWjXYndmeO6F7sw==
  dependencies:
    d3-dsv "1 - 2"

d3-force@2:
  version "2.1.1"
  resolved "https://registry.yarnpkg.com/d3-force/-/d3-force-2.1.1.tgz#f20ccbf1e6c9e80add1926f09b51f686a8bc0937"
  integrity sha512-nAuHEzBqMvpFVMf9OX75d00OxvOXdxY+xECIXjW6Gv8BRrXu6gAWbv/9XKrvfJ5i5DCokDW7RYE50LRoK092ew==
  dependencies:
    d3-dispatch "1 - 2"
    d3-quadtree "1 - 2"
    d3-timer "1 - 2"

"d3-format@1 - 2", d3-format@2:
  version "2.0.0"
  resolved "https://registry.yarnpkg.com/d3-format/-/d3-format-2.0.0.tgz#a10bcc0f986c372b729ba447382413aabf5b0767"
  integrity sha512-Ab3S6XuE/Q+flY96HXT0jOXcM4EAClYFnRGY5zsjRGNy6qCYrQsMffs7cV5Q9xejb35zxW5hf/guKw34kvIKsA==

d3-geo@2:
  version "2.0.1"
  resolved "https://registry.yarnpkg.com/d3-geo/-/d3-geo-2.0.1.tgz#2437fdfed3fe3aba2812bd8f30609cac83a7ee39"
  integrity sha512-M6yzGbFRfxzNrVhxDJXzJqSLQ90q1cCyb3EWFZ1LF4eWOBYxFypw7I/NFVBNXKNqxv1bqLathhYvdJ6DC+th3A==
  dependencies:
    d3-array ">=2.5"

d3-hierarchy@2:
  version "2.0.0"
  resolved "https://registry.yarnpkg.com/d3-hierarchy/-/d3-hierarchy-2.0.0.tgz#dab88a58ca3e7a1bc6cab390e89667fcc6d20218"
  integrity sha512-SwIdqM3HxQX2214EG9GTjgmCc/mbSx4mQBn+DuEETubhOw6/U3fmnji4uCVrmzOydMHSO1nZle5gh6HB/wdOzw==

"d3-interpolate@1 - 2", "d3-interpolate@1.2.0 - 2", d3-interpolate@2:
  version "2.0.1"
  resolved "https://registry.yarnpkg.com/d3-interpolate/-/d3-interpolate-2.0.1.tgz#98be499cfb8a3b94d4ff616900501a64abc91163"
  integrity sha512-c5UhwwTs/yybcmTpAVqwSFl6vrQ8JZJoT5F7xNFK9pymv5C0Ymcc9/LIJHtYIggg/yS9YHw8i8O8tgb9pupjeQ==
  dependencies:
    d3-color "1 - 2"

"d3-path@1 - 2", d3-path@2:
  version "2.0.0"
  resolved "https://registry.yarnpkg.com/d3-path/-/d3-path-2.0.0.tgz#55d86ac131a0548adae241eebfb56b4582dd09d8"
  integrity sha512-ZwZQxKhBnv9yHaiWd6ZU4x5BtCQ7pXszEV9CU6kRgwIQVQGLMv1oiL4M+MK/n79sYzsj+gcgpPQSctJUsLN7fA==

d3-polygon@2:
  version "2.0.0"
  resolved "https://registry.yarnpkg.com/d3-polygon/-/d3-polygon-2.0.0.tgz#13608ef042fbec625ba1598327564f03c0396d8e"
  integrity sha512-MsexrCK38cTGermELs0cO1d79DcTsQRN7IWMJKczD/2kBjzNXxLUWP33qRF6VDpiLV/4EI4r6Gs0DAWQkE8pSQ==

"d3-quadtree@1 - 2", d3-quadtree@2:
  version "2.0.0"
  resolved "https://registry.yarnpkg.com/d3-quadtree/-/d3-quadtree-2.0.0.tgz#edbad045cef88701f6fee3aee8e93fb332d30f9d"
  integrity sha512-b0Ed2t1UUalJpc3qXzKi+cPGxeXRr4KU9YSlocN74aTzp6R/Ud43t79yLLqxHRWZfsvWXmbDWPpoENK1K539xw==

d3-random@2:
  version "2.2.2"
  resolved "https://registry.yarnpkg.com/d3-random/-/d3-random-2.2.2.tgz#5eebd209ef4e45a2b362b019c1fb21c2c98cbb6e"
  integrity sha512-0D9P8TRj6qDAtHhRQn6EfdOtHMfsUWanl3yb/84C4DqpZ+VsgfI5iTVRNRbELCfNvRfpMr8OrqqUTQ6ANGCijw==

d3-scale-chromatic@2:
  version "2.0.0"
  resolved "https://registry.yarnpkg.com/d3-scale-chromatic/-/d3-scale-chromatic-2.0.0.tgz#c13f3af86685ff91323dc2f0ebd2dabbd72d8bab"
  integrity sha512-LLqy7dJSL8yDy7NRmf6xSlsFZ6zYvJ4BcWFE4zBrOPnQERv9zj24ohnXKRbyi9YHnYV+HN1oEO3iFK971/gkzA==
  dependencies:
    d3-color "1 - 2"
    d3-interpolate "1 - 2"

d3-scale@3:
  version "3.2.3"
  resolved "https://registry.yarnpkg.com/d3-scale/-/d3-scale-3.2.3.tgz#be380f57f1f61d4ff2e6cbb65a40593a51649cfd"
  integrity sha512-8E37oWEmEzj57bHcnjPVOBS3n4jqakOeuv1EDdQSiSrYnMCBdMd3nc4HtKk7uia8DUHcY/CGuJ42xxgtEYrX0g==
  dependencies:
    d3-array "^2.3.0"
    d3-format "1 - 2"
    d3-interpolate "1.2.0 - 2"
    d3-time "1 - 2"
    d3-time-format "2 - 3"

d3-selection@2, d3-selection@^2.0.0:
  version "2.0.0"
  resolved "https://registry.yarnpkg.com/d3-selection/-/d3-selection-2.0.0.tgz#94a11638ea2141b7565f883780dabc7ef6a61066"
  integrity sha512-XoGGqhLUN/W14NmaqcO/bb1nqjDAw5WtSYb2X8wiuQWvSZUsUVYsOSkOybUrNvcBjaywBdYPy03eXHMXjk9nZA==

d3-shape@2:
  version "2.0.0"
  resolved "https://registry.yarnpkg.com/d3-shape/-/d3-shape-2.0.0.tgz#2331b62fa784a2a1daac47a7233cfd69301381fd"
  integrity sha512-djpGlA779ua+rImicYyyjnOjeubyhql1Jyn1HK0bTyawuH76UQRWXd+pftr67H6Fa8hSwetkgb/0id3agKWykw==
  dependencies:
    d3-path "1 - 2"

"d3-time-format@2 - 3", d3-time-format@3:
  version "3.0.0"
  resolved "https://registry.yarnpkg.com/d3-time-format/-/d3-time-format-3.0.0.tgz#df8056c83659e01f20ac5da5fdeae7c08d5f1bb6"
  integrity sha512-UXJh6EKsHBTjopVqZBhFysQcoXSv/5yLONZvkQ5Kk3qbwiUYkdX17Xa1PT6U1ZWXGGfB1ey5L8dKMlFq2DO0Ag==
  dependencies:
    d3-time "1 - 2"

"d3-time@1 - 2", d3-time@2:
  version "2.0.0"
  resolved "https://registry.yarnpkg.com/d3-time/-/d3-time-2.0.0.tgz#ad7c127d17c67bd57a4c61f3eaecb81108b1e0ab"
  integrity sha512-2mvhstTFcMvwStWd9Tj3e6CEqtOivtD8AUiHT8ido/xmzrI9ijrUUihZ6nHuf/vsScRBonagOdj0Vv+SEL5G3Q==

"d3-timer@1 - 2", d3-timer@2:
  version "2.0.0"
  resolved "https://registry.yarnpkg.com/d3-timer/-/d3-timer-2.0.0.tgz#055edb1d170cfe31ab2da8968deee940b56623e6"
  integrity sha512-TO4VLh0/420Y/9dO3+f9abDEFYeCUr2WZRlxJvbp4HPTQcSylXNiL6yZa9FIUvV1yRiFufl1bszTCLDqv9PWNA==

d3-transition@2:
  version "2.0.0"
  resolved "https://registry.yarnpkg.com/d3-transition/-/d3-transition-2.0.0.tgz#366ef70c22ef88d1e34105f507516991a291c94c"
  integrity sha512-42ltAGgJesfQE3u9LuuBHNbGrI/AJjNL2OAUdclE70UE6Vy239GCBEYD38uBPoLeNsOhFStGpPI0BAOV+HMxog==
  dependencies:
    d3-color "1 - 2"
    d3-dispatch "1 - 2"
    d3-ease "1 - 2"
    d3-interpolate "1 - 2"
    d3-timer "1 - 2"

d3-zoom@2:
  version "2.0.0"
  resolved "https://registry.yarnpkg.com/d3-zoom/-/d3-zoom-2.0.0.tgz#f04d0afd05518becce879d04709c47ecd93fba54"
  integrity sha512-fFg7aoaEm9/jf+qfstak0IYpnesZLiMX6GZvXtUSdv8RH2o4E2qeelgdU09eKS6wGuiGMfcnMI0nTIqWzRHGpw==
  dependencies:
    d3-dispatch "1 - 2"
    d3-drag "2"
    d3-interpolate "1 - 2"
    d3-selection "2"
    d3-transition "2"

d3@^6.5.0:
  version "6.5.0"
  resolved "https://registry.yarnpkg.com/d3/-/d3-6.5.0.tgz#55cc64690cfe7bf18788d2cfbe22d911b01309f0"
  integrity sha512-gr7FoRecKtBkBxelTeGVYERRTPgjPFLh2rOBisHdbXe3RIrVLjCo7COZYMSeFeiwVPOHDtxAGJlvN7XssNAIcg==
  dependencies:
    d3-array "2"
    d3-axis "2"
    d3-brush "2"
    d3-chord "2"
    d3-color "2"
    d3-contour "2"
    d3-delaunay "5"
    d3-dispatch "2"
    d3-drag "2"
    d3-dsv "2"
    d3-ease "2"
    d3-fetch "2"
    d3-force "2"
    d3-format "2"
    d3-geo "2"
    d3-hierarchy "2"
    d3-interpolate "2"
    d3-path "2"
    d3-polygon "2"
    d3-quadtree "2"
    d3-random "2"
    d3-scale "3"
    d3-scale-chromatic "2"
    d3-selection "2"
    d3-shape "2"
    d3-time "2"
    d3-time-format "3"
    d3-timer "2"
    d3-transition "2"
    d3-zoom "2"

delaunator@4:
  version "4.0.1"
  resolved "https://registry.yarnpkg.com/delaunator/-/delaunator-4.0.1.tgz#3d779687f57919a7a418f8ab947d3bddb6846957"
  integrity sha512-WNPWi1IRKZfCt/qIDMfERkDp93+iZEmOxN2yy4Jg+Xhv8SLk2UTqqbe1sfiipn0and9QrE914/ihdx82Y/Giag==

fast-deep-equal@^3.1.1:
  version "3.1.3"
  resolved "https://registry.yarnpkg.com/fast-deep-equal/-/fast-deep-equal-3.1.3.tgz#3a7d56b559d6cbc3eb512325244e619a65c6c525"
  integrity sha512-f3qQ9oQy9j2AhBe/H9VC91wLmKBCCU/gDOnKNAYG5hswO7BLKj09Hc5HYNz9cGI++xlpDCIgDaitVs03ATR84Q==

fast-json-stable-stringify@^2.0.0:
  version "2.1.0"
  resolved "https://registry.yarnpkg.com/fast-json-stable-stringify/-/fast-json-stable-stringify-2.1.0.tgz#874bf69c6f404c2b5d99c481341399fd55892633"
  integrity sha512-lhd/wF+Lk98HZoTCtlVraHtfh5XYijIjalXck7saUtuanSDyLMxnHhSXEDJqHxD7msR8D0uCmqlkwjCV8xvwHw==

file-saver@^2.0.5:
  version "2.0.5"
  resolved "https://registry.yarnpkg.com/file-saver/-/file-saver-2.0.5.tgz#d61cfe2ce059f414d899e9dd6d4107ee25670c38"
  integrity sha512-P9bmyZ3h/PRG+Nzga+rbdI4OEpNDzAVyy74uVO9ATgzLK6VtAsYybF/+TOCvrc0MO793d6+42lLyZTw7/ArVzA==

fs.realpath@^1.0.0:
  version "1.0.0"
  resolved "https://registry.yarnpkg.com/fs.realpath/-/fs.realpath-1.0.0.tgz#1504ad2523158caa40db4a2787cb01411994ea4f"
  integrity sha1-FQStJSMVjKpA20onh8sBQRmU6k8=

glob@^7.1.3:
  version "7.1.6"
  resolved "https://registry.yarnpkg.com/glob/-/glob-7.1.6.tgz#141f33b81a7c2492e125594307480c46679278a6"
  integrity sha512-LwaxwyZ72Lk7vZINtNNrywX0ZuLyStrdDtabefZKAY5ZGJhVtgdznluResxNmPitE0SAO+O26sWTHeKSI2wMBA==
  dependencies:
    fs.realpath "^1.0.0"
    inflight "^1.0.4"
    inherits "2"
    minimatch "^3.0.4"
    once "^1.3.0"
    path-is-absolute "^1.0.0"

iconv-lite@0.4:
  version "0.4.24"
  resolved "https://registry.yarnpkg.com/iconv-lite/-/iconv-lite-0.4.24.tgz#2022b4b25fbddc21d2f524974a474aafe733908b"
  integrity sha512-v3MXnZAcvnywkTUEZomIActle7RXXeedOR31wwl7VlyoXO4Qi9arvSenNQWne1TcRwhCL1HwLI21bEqdpj8/rA==
  dependencies:
    safer-buffer ">= 2.1.2 < 3"

inflight@^1.0.4:
  version "1.0.6"
  resolved "https://registry.yarnpkg.com/inflight/-/inflight-1.0.6.tgz#49bd6331d7d02d0c09bc910a1075ba8165b56df9"
  integrity sha1-Sb1jMdfQLQwJvJEKEHW6gWW1bfk=
  dependencies:
    once "^1.3.0"
    wrappy "1"

inherits@2:
  version "2.0.4"
  resolved "https://registry.yarnpkg.com/inherits/-/inherits-2.0.4.tgz#0fa2c64f932917c3433a0ded55363aae37416b7c"
  integrity sha512-k/vGaX4/Yla3WzyMCvTQOXYeIHvqOKtnqBduzTHpzpQZzAskKMhZ2K+EnBiSM9zGSoIFeMpXKxa4dYeZIQqewQ==

internmap@^1.0.0:
  version "1.0.0"
  resolved "https://registry.yarnpkg.com/internmap/-/internmap-1.0.0.tgz#3c6bf0944b0eae457698000412108752bbfddb56"
  integrity sha512-SdoDWwNOTE2n4JWUsLn4KXZGuZPjPF9yyOGc8bnfWnBQh7BD/l80rzSznKc/r4Y0aQ7z3RTk9X+tV4tHBpu+dA==

json-schema-traverse@^0.4.1:
  version "0.4.1"
  resolved "https://registry.yarnpkg.com/json-schema-traverse/-/json-schema-traverse-0.4.1.tgz#69f6a87d9513ab8bb8fe63bdb0979c448e684660"
  integrity sha512-xbbCH5dCYU5T8LcEhhuh7HJ88HXuW3qsI3Y0zOZFKfZEHcpWiHU/Jxzk629Brsab/mMiHQti9wMP+845RPe3Vg==

json5@^2.1.1:
  version "2.1.3"
  resolved "https://registry.yarnpkg.com/json5/-/json5-2.1.3.tgz#c9b0f7fa9233bfe5807fe66fcf3a5617ed597d43"
  integrity sha512-KXPvOm8K9IJKFM0bmdn8QXh7udDh1g/giieX0NLCaMnb4hEiVFqnop2ImTXCc5e0/oHz3LTqmHGtExn5hfMkOA==
  dependencies:
    minimist "^1.2.5"

minimatch@^3.0.4:
  version "3.0.4"
  resolved "https://registry.yarnpkg.com/minimatch/-/minimatch-3.0.4.tgz#5166e286457f03306064be5497e8dbb0c3d32083"
  integrity sha512-yJHVQEhyqPLUTgt9B83PXu6W3rx4MvvHvSUvToogpwoGDOUQ+yDrR0HRot+yOCdCO7u4hX3pWft6kWBBcqh0UA==
  dependencies:
    brace-expansion "^1.1.7"

minimist@^1.2.5, minimist@~1.2.0:
  version "1.2.5"
  resolved "https://registry.yarnpkg.com/minimist/-/minimist-1.2.5.tgz#67d66014b66a6a8aaa0c083c5fd58df4e4e97602"
  integrity sha512-FM9nNUYrRBAELZQT3xeZQ7fmMOBg6nWNmJKTcgsJeaLstP/UODVpGsr5OhXhhXg6f+qtJ8uiZ+PUxkDWcgIXLw==

moment@^2.24.0:
  version "2.29.1"
  resolved "https://registry.yarnpkg.com/moment/-/moment-2.29.1.tgz#b2be769fa31940be9eeea6469c075e35006fa3d3"
  integrity sha512-kHmoybcPV8Sqy59DwNDY3Jefr64lK/by/da0ViFcuA4DH0vQg5Q6Ze5VimxkfQNSC+Mls/Kx53s7TjP1RhFEDQ==

node-fetch@^2.6.0:
  version "2.6.1"
  resolved "https://registry.yarnpkg.com/node-fetch/-/node-fetch-2.6.1.tgz#045bd323631f76ed2e2b55573394416b639a0052"
  integrity sha512-V4aYg89jEoVRxRb2fJdAg8FHvI7cEyYdVAh94HH0UIK8oJxUfkjlDQN9RbMx+bEjP7+ggMiFRprSti032Oipxw==

once@^1.3.0:
  version "1.4.0"
  resolved "https://registry.yarnpkg.com/once/-/once-1.4.0.tgz#583b1aa775961d4b113ac17d9c50baef9dd76bd1"
  integrity sha1-WDsap3WWHUsROsF9nFC6753Xa9E=
  dependencies:
    wrappy "1"

path-browserify@^1.0.0:
  version "1.0.1"
  resolved "https://registry.yarnpkg.com/path-browserify/-/path-browserify-1.0.1.tgz#d98454a9c3753d5790860f16f68867b9e46be1fd"
  integrity sha512-b7uo2UCUOYZcnF/3ID0lulOJi/bafxa1xPe7ZPsammBSpjSWQkjNxlt635YGS2MiR9GjvuXCtz2emr3jbsz98g==

path-is-absolute@^1.0.0:
  version "1.0.1"
  resolved "https://registry.yarnpkg.com/path-is-absolute/-/path-is-absolute-1.0.1.tgz#174b9268735534ffbc7ace6bf53a5a9e1b5c5f5f"
  integrity sha1-F0uSaHNVNP+8es5r9TpanhtcX18=

punycode@^2.1.0:
  version "2.1.1"
  resolved "https://registry.yarnpkg.com/punycode/-/punycode-2.1.1.tgz#b58b010ac40c22c5657616c8d2c2c02c7bf479ec"
  integrity sha512-XRsRjdf+j5ml+y/6GKHPZbrF/8p2Yga0JPtdqTIY2Xe5ohJPD9saDJJLPvp9+NSBprVvevdXZybnj2cv8OEd0A==

querystringify@^2.1.1:
  version "2.2.0"
  resolved "https://registry.yarnpkg.com/querystringify/-/querystringify-2.2.0.tgz#3345941b4153cb9d082d8eee4cda2016a9aef7f6"
  integrity sha512-FIqgj2EUvTa7R50u0rGsyTftzjYmv/a3hO345bZNrqabNqjtgiDMgmo4mkUjd+nzU5oF3dClKqFIPUKybUyqoQ==

requires-port@^1.0.0:
  version "1.0.0"
  resolved "https://registry.yarnpkg.com/requires-port/-/requires-port-1.0.0.tgz#925d2601d39ac485e091cf0da5c6e694dc3dcaff"
  integrity sha1-kl0mAdOaxIXgkc8NpcbmlNw9yv8=

rimraf@~2.6.2:
  version "2.6.3"
  resolved "https://registry.yarnpkg.com/rimraf/-/rimraf-2.6.3.tgz#b2d104fe0d8fb27cf9e0a1cda8262dd3833c6cab"
  integrity sha512-mwqeW5XsA2qAejG46gYdENaxXjx9onRNCfn7L0duuP4hCuTIi/QO7PDK07KJfp1d+izWPrzEJDcSqBa0OZQriA==
  dependencies:
    glob "^7.1.3"

rw@1:
  version "1.3.3"
  resolved "https://registry.yarnpkg.com/rw/-/rw-1.3.3.tgz#3f862dfa91ab766b14885ef4d01124bfda074fb4"
  integrity sha1-P4Yt+pGrdmsUiF700BEkv9oHT7Q=

"safer-buffer@>= 2.1.2 < 3":
  version "2.1.2"
  resolved "https://registry.yarnpkg.com/safer-buffer/-/safer-buffer-2.1.2.tgz#44fa161b0187b9549dd84bb91802f9bd8385cd6a"
  integrity sha512-YZo3K82SD7Riyi0E1EQPojLz7kpepnSQI9IyPbHHg1XXXevb5dJI7tpyN2ADxGcQbHG7vcyRHk0cbwqcQriUtg==

typescript@~4.1.3:
  version "4.1.3"
  resolved "https://registry.yarnpkg.com/typescript/-/typescript-4.1.3.tgz#519d582bd94cba0cf8934c7d8e8467e473f53bb7"
  integrity sha512-B3ZIOf1IKeH2ixgHhj6la6xdwR9QrLC5d1VKeCSY4tvkqhF2eqd9O7txNlS0PO3GrBAFIdr3L1ndNwteUbZLYg==

uri-js@^4.2.2:
  version "4.4.1"
  resolved "https://registry.yarnpkg.com/uri-js/-/uri-js-4.4.1.tgz#9b1a52595225859e55f669d928f88c6c57f2a77e"
  integrity sha512-7rKUyy33Q1yc98pQ1DAmLtwX109F7TIfWlW1Ydo8Wl1ii1SeHieeh0HHfPeL2fMXK6z0s8ecKs9frCuLJvndBg==
  dependencies:
    punycode "^2.1.0"

url-parse@~1.4.7:
  version "1.4.7"
  resolved "https://registry.yarnpkg.com/url-parse/-/url-parse-1.4.7.tgz#a8a83535e8c00a316e403a5db4ac1b9b853ae278"
  integrity sha512-d3uaVyzDB9tQoSXFvuSUNFibTd9zxd2bkVrDRvF5TmvWWQwqE4lgYJ5m+x1DbecWkw+LK4RNl2CU1hHuOKPVlg==
  dependencies:
    querystringify "^2.1.1"
    requires-port "^1.0.0"

wrappy@1:
  version "1.0.2"
  resolved "https://registry.yarnpkg.com/wrappy/-/wrappy-1.0.2.tgz#b5243d8f3ec1aa35f1364605bc0d1036e30ab69f"
  integrity sha1-tSQ9jz7BqjXxNkYFvA0QNuMKtp8=

ws@^7.2.0:
  version "7.4.2"
  resolved "https://registry.yarnpkg.com/ws/-/ws-7.4.2.tgz#782100048e54eb36fe9843363ab1c68672b261dd"
  integrity sha512-T4tewALS3+qsrpGI/8dqNMLIVdq/g/85U98HPMa6F0m6xTbvhXU6RCQLqPH3+SlomNV/LdY6RXEbBpMH6EOJnA==
