{
  "name": "@noworkflow/history",
  "version": "0.0.9",
  "lockfileVersion": 2,
  "requires": true,
  "packages": {
    "": {
      "name": "@noworkflow/history",
      "version": "0.0.9",
      "license": "MIT",
      "dependencies": {
        "@noworkflow/utils": "0.0.7",
        "@types/d3": "^4.10.1",
        "@types/file-saver": "0.0.1",
        "d3": "^4.11.0",
        "file-saver": "^1.3.3"
      },
      "devDependencies": {
        "rimraf": "^2.6.2",
        "typescript": "^2.5.3"
      }
    },
    "../utils": {
      "name": "@noworkflow/utils",
      "version": "0.0.7",
      "license": "MIT",
      "dependencies": {
        "@types/d3": "^4.10.1",
        "d3": "^4.11.0"
      },
      "devDependencies": {
        "rimraf": "^2.6.2",
        "typescript": "^2.5.3"
      }
    },
    "../utils/node_modules/@types/d3": {
      "version": "4.12.0",
      "license": "MIT",
      "dependencies": {
        "@types/d3-array": "*",
        "@types/d3-axis": "*",
        "@types/d3-brush": "*",
        "@types/d3-chord": "*",
        "@types/d3-collection": "*",
        "@types/d3-color": "*",
        "@types/d3-dispatch": "*",
        "@types/d3-drag": "*",
        "@types/d3-dsv": "*",
        "@types/d3-ease": "*",
        "@types/d3-force": "*",
        "@types/d3-format": "*",
        "@types/d3-geo": "*",
        "@types/d3-hierarchy": "*",
        "@types/d3-interpolate": "*",
        "@types/d3-path": "*",
        "@types/d3-polygon": "*",
        "@types/d3-quadtree": "*",
        "@types/d3-queue": "*",
        "@types/d3-random": "*",
        "@types/d3-request": "*",
        "@types/d3-scale": "*",
        "@types/d3-selection": "*",
        "@types/d3-shape": "*",
        "@types/d3-time": "*",
        "@types/d3-time-format": "*",
        "@types/d3-timer": "*",
        "@types/d3-transition": "*",
        "@types/d3-voronoi": "*",
        "@types/d3-zoom": "*"
      }
    },
    "../utils/node_modules/@types/d3-array": {
      "version": "1.2.1",
      "license": "MIT"
    },
    "../utils/node_modules/@types/d3-axis": {
      "version": "1.0.9",
      "license": "MIT",
      "dependencies": {
        "@types/d3-selection": "*"
      }
    },
    "../utils/node_modules/@types/d3-brush": {
      "version": "1.0.7",
      "license": "MIT",
      "dependencies": {
        "@types/d3-selection": "*"
      }
    },
    "../utils/node_modules/@types/d3-chord": {
      "version": "1.0.6",
      "license": "MIT"
    },
    "../utils/node_modules/@types/d3-collection": {
      "version": "1.0.5",
      "license": "MIT"
    },
    "../utils/node_modules/@types/d3-color": {
      "version": "1.0.5",
      "license": "MIT"
    },
    "../utils/node_modules/@types/d3-dispatch": {
      "version": "1.0.5",
      "license": "MIT"
    },
    "../utils/node_modules/@types/d3-drag": {
      "version": "1.2.0",
      "license": "MIT",
      "dependencies": {
        "@types/d3-selection": "*"
      }
    },
    "../utils/node_modules/@types/d3-dsv": {
      "version": "1.0.31",
      "license": "MIT"
    },
    "../utils/node_modules/@types/d3-ease": {
      "version": "1.0.7",
      "license": "MIT"
    },
    "../utils/node_modules/@types/d3-force": {
      "version": "1.1.0",
      "license": "MIT"
    },
    "../utils/node_modules/@types/d3-format": {
      "version": "1.2.1",
      "license": "MIT"
    },
    "../utils/node_modules/@types/d3-geo": {
      "version": "1.9.4",
      "license": "MIT",
      "dependencies": {
        "@types/geojson": "*"
      }
    },
    "../utils/node_modules/@types/d3-hierarchy": {
      "version": "1.1.0",
      "license": "MIT"
    },
    "../utils/node_modules/@types/d3-interpolate": {
      "version": "1.1.6",
      "license": "MIT",
      "dependencies": {
        "@types/d3-color": "*"
      }
    },
    "../utils/node_modules/@types/d3-path": {
      "version": "1.0.6",
      "license": "MIT"
    },
    "../utils/node_modules/@types/d3-polygon": {
      "version": "1.0.5",
      "license": "MIT"
    },
    "../utils/node_modules/@types/d3-quadtree": {
      "version": "1.0.5",
      "license": "MIT"
    },
    "../utils/node_modules/@types/d3-queue": {
      "version": "3.0.5",
      "license": "MIT"
    },
    "../utils/node_modules/@types/d3-random": {
      "version": "1.1.0",
      "license": "MIT"
    },
    "../utils/node_modules/@types/d3-request": {
      "version": "1.0.2",
      "license": "MIT",
      "dependencies": {
        "@types/d3-dsv": "*"
      }
    },
    "../utils/node_modules/@types/d3-scale": {
      "version": "1.0.10",
      "license": "MIT",
      "dependencies": {
        "@types/d3-time": "*"
      }
    },
    "../utils/node_modules/@types/d3-selection": {
      "version": "1.2.0",
      "license": "MIT"
    },
    "../utils/node_modules/@types/d3-shape": {
      "version": "1.2.1",
      "license": "MIT",
      "dependencies": {
        "@types/d3-path": "*"
      }
    },
    "../utils/node_modules/@types/d3-time": {
      "version": "1.0.7",
      "license": "MIT"
    },
    "../utils/node_modules/@types/d3-time-format": {
      "version": "2.1.0",
      "license": "MIT"
    },
    "../utils/node_modules/@types/d3-timer": {
      "version": "1.0.6",
      "license": "MIT"
    },
    "../utils/node_modules/@types/d3-transition": {
      "version": "1.1.1",
      "license": "MIT",
      "dependencies": {
        "@types/d3-selection": "*"
      }
    },
    "../utils/node_modules/@types/d3-voronoi": {
      "version": "1.1.7",
      "license": "MIT"
    },
    "../utils/node_modules/@types/d3-zoom": {
      "version": "1.7.0",
      "license": "MIT",
      "dependencies": {
        "@types/d3-interpolate": "*",
        "@types/d3-selection": "*"
      }
    },
    "../utils/node_modules/@types/geojson": {
      "version": "7946.0.0",
      "license": "MIT"
    },
    "../utils/node_modules/balanced-match": {
      "version": "1.0.0",
      "dev": true,
      "license": "MIT"
    },
    "../utils/node_modules/brace-expansion": {
      "version": "1.1.8",
      "dev": true,
      "license": "MIT",
      "dependencies": {
        "balanced-match": "^1.0.0",
        "concat-map": "0.0.1"
      }
    },
    "../utils/node_modules/commander": {
      "version": "2.12.2",
      "license": "MIT"
    },
    "../utils/node_modules/concat-map": {
      "version": "0.0.1",
      "dev": true,
      "license": "MIT"
    },
    "../utils/node_modules/d3": {
      "version": "4.12.0",
      "license": "BSD-3-Clause",
      "dependencies": {
        "d3-array": "1.2.1",
        "d3-axis": "1.0.8",
        "d3-brush": "1.0.4",
        "d3-chord": "1.0.4",
        "d3-collection": "1.0.4",
        "d3-color": "1.0.3",
        "d3-dispatch": "1.0.3",
        "d3-drag": "1.2.1",
        "d3-dsv": "1.0.8",
        "d3-ease": "1.0.3",
        "d3-force": "1.1.0",
        "d3-format": "1.2.1",
        "d3-geo": "1.9.0",
        "d3-hierarchy": "1.1.5",
        "d3-interpolate": "1.1.6",
        "d3-path": "1.0.5",
        "d3-polygon": "1.0.3",
        "d3-quadtree": "1.0.3",
        "d3-queue": "3.0.7",
        "d3-random": "1.1.0",
        "d3-request": "1.0.6",
        "d3-scale": "1.0.7",
        "d3-selection": "1.2.0",
        "d3-shape": "1.2.0",
        "d3-time": "1.0.8",
        "d3-time-format": "2.1.1",
        "d3-timer": "1.0.7",
        "d3-transition": "1.1.1",
        "d3-voronoi": "1.1.2",
        "d3-zoom": "1.7.1"
      }
    },
    "../utils/node_modules/d3-array": {
      "version": "1.2.1",
      "license": "BSD-3-Clause"
    },
    "../utils/node_modules/d3-axis": {
      "version": "1.0.8",
      "license": "BSD-3-Clause"
    },
    "../utils/node_modules/d3-brush": {
      "version": "1.0.4",
      "license": "BSD-3-Clause",
      "dependencies": {
        "d3-dispatch": "1",
        "d3-drag": "1",
        "d3-interpolate": "1",
        "d3-selection": "1",
        "d3-transition": "1"
      }
    },
    "../utils/node_modules/d3-chord": {
      "version": "1.0.4",
      "license": "BSD-3-Clause",
      "dependencies": {
        "d3-array": "1",
        "d3-path": "1"
      }
    },
    "../utils/node_modules/d3-collection": {
      "version": "1.0.4",
      "license": "BSD-3-Clause"
    },
    "../utils/node_modules/d3-color": {
      "version": "1.0.3",
      "license": "BSD-3-Clause"
    },
    "../utils/node_modules/d3-dispatch": {
      "version": "1.0.3",
      "license": "BSD-3-Clause"
    },
    "../utils/node_modules/d3-drag": {
      "version": "1.2.1",
      "license": "BSD-3-Clause",
      "dependencies": {
        "d3-dispatch": "1",
        "d3-selection": "1"
      }
    },
    "../utils/node_modules/d3-dsv": {
      "version": "1.0.8",
      "license": "BSD-3-Clause",
      "dependencies": {
        "commander": "2",
        "iconv-lite": "0.4",
        "rw": "1"
      },
      "bin": {
        "csv2json": "bin/dsv2json",
        "csv2tsv": "bin/dsv2dsv",
        "dsv2dsv": "bin/dsv2dsv",
        "dsv2json": "bin/dsv2json",
        "json2csv": "bin/json2dsv",
        "json2dsv": "bin/json2dsv",
        "json2tsv": "bin/json2dsv",
        "tsv2csv": "bin/dsv2dsv",
        "tsv2json": "bin/dsv2json"
      }
    },
    "../utils/node_modules/d3-ease": {
      "version": "1.0.3",
      "license": "BSD-3-Clause"
    },
    "../utils/node_modules/d3-force": {
      "version": "1.1.0",
      "license": "BSD-3-Clause",
      "dependencies": {
        "d3-collection": "1",
        "d3-dispatch": "1",
        "d3-quadtree": "1",
        "d3-timer": "1"
      }
    },
    "../utils/node_modules/d3-format": {
      "version": "1.2.1",
      "license": "BSD-3-Clause"
    },
    "../utils/node_modules/d3-geo": {
      "version": "1.9.0",
      "license": "BSD-3-Clause",
      "dependencies": {
        "d3-array": "1"
      }
    },
    "../utils/node_modules/d3-hierarchy": {
      "version": "1.1.5",
      "license": "BSD-3-Clause"
    },
    "../utils/node_modules/d3-interpolate": {
      "version": "1.1.6",
      "license": "BSD-3-Clause",
      "dependencies": {
        "d3-color": "1"
      }
    },
    "../utils/node_modules/d3-path": {
      "version": "1.0.5",
      "license": "BSD-3-Clause"
    },
    "../utils/node_modules/d3-polygon": {
      "version": "1.0.3",
      "license": "BSD-3-Clause"
    },
    "../utils/node_modules/d3-quadtree": {
      "version": "1.0.3",
      "license": "BSD-3-Clause"
    },
    "../utils/node_modules/d3-queue": {
      "version": "3.0.7",
      "license": "BSD-3-Clause"
    },
    "../utils/node_modules/d3-random": {
      "version": "1.1.0",
      "license": "BSD-3-Clause"
    },
    "../utils/node_modules/d3-request": {
      "version": "1.0.6",
      "license": "BSD-3-Clause",
      "dependencies": {
        "d3-collection": "1",
        "d3-dispatch": "1",
        "d3-dsv": "1",
        "xmlhttprequest": "1"
      }
    },
    "../utils/node_modules/d3-scale": {
      "version": "1.0.7",
      "license": "BSD-3-Clause",
      "dependencies": {
        "d3-array": "^1.2.0",
        "d3-collection": "1",
        "d3-color": "1",
        "d3-format": "1",
        "d3-interpolate": "1",
        "d3-time": "1",
        "d3-time-format": "2"
      }
    },
    "../utils/node_modules/d3-selection": {
      "version": "1.2.0",
      "license": "BSD-3-Clause"
    },
    "../utils/node_modules/d3-shape": {
      "version": "1.2.0",
      "license": "BSD-3-Clause",
      "dependencies": {
        "d3-path": "1"
      }
    },
    "../utils/node_modules/d3-time": {
      "version": "1.0.8",
      "license": "BSD-3-Clause"
    },
    "../utils/node_modules/d3-time-format": {
      "version": "2.1.1",
      "license": "BSD-3-Clause",
      "dependencies": {
        "d3-time": "1"
      }
    },
    "../utils/node_modules/d3-timer": {
      "version": "1.0.7",
      "license": "BSD-3-Clause"
    },
    "../utils/node_modules/d3-transition": {
      "version": "1.1.1",
      "license": "BSD-3-Clause",
      "dependencies": {
        "d3-color": "1",
        "d3-dispatch": "1",
        "d3-ease": "1",
        "d3-interpolate": "1",
        "d3-selection": "^1.1.0",
        "d3-timer": "1"
      }
    },
    "../utils/node_modules/d3-voronoi": {
      "version": "1.1.2",
      "license": "BSD-3-Clause"
    },
    "../utils/node_modules/d3-zoom": {
      "version": "1.7.1",
      "license": "BSD-3-Clause",
      "dependencies": {
        "d3-dispatch": "1",
        "d3-drag": "1",
        "d3-interpolate": "1",
        "d3-selection": "1",
        "d3-transition": "1"
      }
    },
    "../utils/node_modules/fs.realpath": {
      "version": "1.0.0",
      "dev": true,
      "license": "ISC"
    },
    "../utils/node_modules/glob": {
      "version": "7.1.2",
      "dev": true,
      "license": "ISC",
      "dependencies": {
        "fs.realpath": "^1.0.0",
        "inflight": "^1.0.4",
        "inherits": "2",
        "minimatch": "^3.0.4",
        "once": "^1.3.0",
        "path-is-absolute": "^1.0.0"
      },
      "engines": {
        "node": "*"
      }
    },
    "../utils/node_modules/iconv-lite": {
      "version": "0.4.19",
      "license": "MIT",
      "engines": {
        "node": ">=0.10.0"
      }
    },
    "../utils/node_modules/inflight": {
      "version": "1.0.6",
      "dev": true,
      "license": "ISC",
      "dependencies": {
        "once": "^1.3.0",
        "wrappy": "1"
      }
    },
    "../utils/node_modules/inherits": {
      "version": "2.0.3",
      "dev": true,
      "license": "ISC"
    },
    "../utils/node_modules/minimatch": {
      "version": "3.0.4",
      "dev": true,
      "license": "ISC",
      "dependencies": {
        "brace-expansion": "^1.1.7"
      },
      "engines": {
        "node": "*"
      }
    },
    "../utils/node_modules/once": {
      "version": "1.4.0",
      "dev": true,
      "license": "ISC",
      "dependencies": {
        "wrappy": "1"
      }
    },
    "../utils/node_modules/path-is-absolute": {
      "version": "1.0.1",
      "dev": true,
      "license": "MIT",
      "engines": {
        "node": ">=0.10.0"
      }
    },
    "../utils/node_modules/rimraf": {
      "version": "2.6.2",
      "dev": true,
      "license": "ISC",
      "dependencies": {
        "glob": "^7.0.5"
      },
      "bin": {
        "rimraf": "bin.js"
      }
    },
    "../utils/node_modules/rw": {
      "version": "1.3.3",
      "license": "BSD-3-Clause"
    },
    "../utils/node_modules/typescript": {
      "version": "2.6.2",
      "dev": true,
      "license": "Apache-2.0",
      "bin": {
        "tsc": "bin/tsc",
        "tsserver": "bin/tsserver"
      },
      "engines": {
        "node": ">=4.2.0"
      }
    },
    "../utils/node_modules/wrappy": {
      "version": "1.0.2",
      "dev": true,
      "license": "ISC"
    },
    "../utils/node_modules/xmlhttprequest": {
      "version": "1.8.0",
      "license": "MIT",
      "engines": {
        "node": ">=0.4.0"
      }
    },
    "node_modules/@noworkflow/utils": {
      "resolved": "../utils",
      "link": true
    },
    "node_modules/@types/d3": {
      "version": "4.12.0",
      "license": "MIT",
      "dependencies": {
        "@types/d3-array": "*",
        "@types/d3-axis": "*",
        "@types/d3-brush": "*",
        "@types/d3-chord": "*",
        "@types/d3-collection": "*",
        "@types/d3-color": "*",
        "@types/d3-dispatch": "*",
        "@types/d3-drag": "*",
        "@types/d3-dsv": "*",
        "@types/d3-ease": "*",
        "@types/d3-force": "*",
        "@types/d3-format": "*",
        "@types/d3-geo": "*",
        "@types/d3-hierarchy": "*",
        "@types/d3-interpolate": "*",
        "@types/d3-path": "*",
        "@types/d3-polygon": "*",
        "@types/d3-quadtree": "*",
        "@types/d3-queue": "*",
        "@types/d3-random": "*",
        "@types/d3-request": "*",
        "@types/d3-scale": "*",
        "@types/d3-selection": "*",
        "@types/d3-shape": "*",
        "@types/d3-time": "*",
        "@types/d3-time-format": "*",
        "@types/d3-timer": "*",
        "@types/d3-transition": "*",
        "@types/d3-voronoi": "*",
        "@types/d3-zoom": "*"
      }
    },
    "node_modules/@types/d3-array": {
      "version": "1.2.1",
      "license": "MIT"
    },
    "node_modules/@types/d3-axis": {
      "version": "1.0.9",
      "license": "MIT",
      "dependencies": {
        "@types/d3-selection": "*"
      }
    },
    "node_modules/@types/d3-brush": {
      "version": "1.0.7",
      "license": "MIT",
      "dependencies": {
        "@types/d3-selection": "*"
      }
    },
    "node_modules/@types/d3-chord": {
      "version": "1.0.6",
      "license": "MIT"
    },
    "node_modules/@types/d3-collection": {
      "version": "1.0.5",
      "license": "MIT"
    },
    "node_modules/@types/d3-color": {
      "version": "1.0.5",
      "license": "MIT"
    },
    "node_modules/@types/d3-dispatch": {
      "version": "1.0.5",
      "license": "MIT"
    },
    "node_modules/@types/d3-drag": {
      "version": "1.2.0",
      "license": "MIT",
      "dependencies": {
        "@types/d3-selection": "*"
      }
    },
    "node_modules/@types/d3-dsv": {
      "version": "1.0.31",
      "license": "MIT"
    },
    "node_modules/@types/d3-ease": {
      "version": "1.0.7",
      "license": "MIT"
    },
    "node_modules/@types/d3-force": {
      "version": "1.1.0",
      "license": "MIT"
    },
    "node_modules/@types/d3-format": {
      "version": "1.2.1",
      "license": "MIT"
    },
    "node_modules/@types/d3-geo": {
      "version": "1.9.4",
      "license": "MIT",
      "dependencies": {
        "@types/geojson": "*"
      }
    },
    "node_modules/@types/d3-hierarchy": {
      "version": "1.1.0",
      "license": "MIT"
    },
    "node_modules/@types/d3-interpolate": {
      "version": "1.1.6",
      "license": "MIT",
      "dependencies": {
        "@types/d3-color": "*"
      }
    },
    "node_modules/@types/d3-path": {
      "version": "1.0.6",
      "license": "MIT"
    },
    "node_modules/@types/d3-polygon": {
      "version": "1.0.5",
      "license": "MIT"
    },
    "node_modules/@types/d3-quadtree": {
      "version": "1.0.5",
      "license": "MIT"
    },
    "node_modules/@types/d3-queue": {
      "version": "3.0.5",
      "license": "MIT"
    },
    "node_modules/@types/d3-random": {
      "version": "1.1.0",
      "license": "MIT"
    },
    "node_modules/@types/d3-request": {
      "version": "1.0.2",
      "license": "MIT",
      "dependencies": {
        "@types/d3-dsv": "*"
      }
    },
    "node_modules/@types/d3-scale": {
      "version": "1.0.10",
      "license": "MIT",
      "dependencies": {
        "@types/d3-time": "*"
      }
    },
    "node_modules/@types/d3-selection": {
      "version": "1.2.0",
      "license": "MIT"
    },
    "node_modules/@types/d3-shape": {
      "version": "1.2.1",
      "license": "MIT",
      "dependencies": {
        "@types/d3-path": "*"
      }
    },
    "node_modules/@types/d3-time": {
      "version": "1.0.7",
      "license": "MIT"
    },
    "node_modules/@types/d3-time-format": {
      "version": "2.1.0",
      "license": "MIT"
    },
    "node_modules/@types/d3-timer": {
      "version": "1.0.6",
      "license": "MIT"
    },
    "node_modules/@types/d3-transition": {
      "version": "1.1.1",
      "license": "MIT",
      "dependencies": {
        "@types/d3-selection": "*"
      }
    },
    "node_modules/@types/d3-voronoi": {
      "version": "1.1.7",
      "license": "MIT"
    },
    "node_modules/@types/d3-zoom": {
      "version": "1.7.0",
      "license": "MIT",
      "dependencies": {
        "@types/d3-interpolate": "*",
        "@types/d3-selection": "*"
      }
    },
    "node_modules/@types/file-saver": {
      "version": "0.0.1",
      "license": "MIT"
    },
    "node_modules/@types/geojson": {
      "version": "7946.0.0",
      "license": "MIT"
    },
    "node_modules/balanced-match": {
      "version": "1.0.0",
      "dev": true,
      "license": "MIT"
    },
    "node_modules/brace-expansion": {
      "version": "1.1.8",
      "dev": true,
      "license": "MIT",
      "dependencies": {
        "balanced-match": "^1.0.0",
        "concat-map": "0.0.1"
      }
    },
    "node_modules/commander": {
      "version": "2.12.2",
      "license": "MIT"
    },
    "node_modules/concat-map": {
      "version": "0.0.1",
      "dev": true,
      "license": "MIT"
    },
    "node_modules/d3": {
      "version": "4.12.0",
      "license": "BSD-3-Clause",
      "dependencies": {
        "d3-array": "1.2.1",
        "d3-axis": "1.0.8",
        "d3-brush": "1.0.4",
        "d3-chord": "1.0.4",
        "d3-collection": "1.0.4",
        "d3-color": "1.0.3",
        "d3-dispatch": "1.0.3",
        "d3-drag": "1.2.1",
        "d3-dsv": "1.0.8",
        "d3-ease": "1.0.3",
        "d3-force": "1.1.0",
        "d3-format": "1.2.1",
        "d3-geo": "1.9.0",
        "d3-hierarchy": "1.1.5",
        "d3-interpolate": "1.1.6",
        "d3-path": "1.0.5",
        "d3-polygon": "1.0.3",
        "d3-quadtree": "1.0.3",
        "d3-queue": "3.0.7",
        "d3-random": "1.1.0",
        "d3-request": "1.0.6",
        "d3-scale": "1.0.7",
        "d3-selection": "1.2.0",
        "d3-shape": "1.2.0",
        "d3-time": "1.0.8",
        "d3-time-format": "2.1.1",
        "d3-timer": "1.0.7",
        "d3-transition": "1.1.1",
        "d3-voronoi": "1.1.2",
        "d3-zoom": "1.7.1"
      }
    },
    "node_modules/d3-array": {
      "version": "1.2.1",
      "license": "BSD-3-Clause"
    },
    "node_modules/d3-axis": {
      "version": "1.0.8",
      "license": "BSD-3-Clause"
    },
    "node_modules/d3-brush": {
      "version": "1.0.4",
      "license": "BSD-3-Clause",
      "dependencies": {
        "d3-dispatch": "1",
        "d3-drag": "1",
        "d3-interpolate": "1",
        "d3-selection": "1",
        "d3-transition": "1"
      }
    },
    "node_modules/d3-chord": {
      "version": "1.0.4",
      "license": "BSD-3-Clause",
      "dependencies": {
        "d3-array": "1",
        "d3-path": "1"
      }
    },
    "node_modules/d3-collection": {
      "version": "1.0.4",
      "license": "BSD-3-Clause"
    },
    "node_modules/d3-color": {
      "version": "1.0.3",
      "license": "BSD-3-Clause"
    },
    "node_modules/d3-dispatch": {
      "version": "1.0.3",
      "license": "BSD-3-Clause"
    },
    "node_modules/d3-drag": {
      "version": "1.2.1",
      "license": "BSD-3-Clause",
      "dependencies": {
        "d3-dispatch": "1",
        "d3-selection": "1"
      }
    },
    "node_modules/d3-dsv": {
      "version": "1.0.8",
      "license": "BSD-3-Clause",
      "dependencies": {
        "commander": "2",
        "iconv-lite": "0.4",
        "rw": "1"
      },
      "bin": {
        "csv2json": "bin/dsv2json",
        "csv2tsv": "bin/dsv2dsv",
        "dsv2dsv": "bin/dsv2dsv",
        "dsv2json": "bin/dsv2json",
        "json2csv": "bin/json2dsv",
        "json2dsv": "bin/json2dsv",
        "json2tsv": "bin/json2dsv",
        "tsv2csv": "bin/dsv2dsv",
        "tsv2json": "bin/dsv2json"
      }
    },
    "node_modules/d3-ease": {
      "version": "1.0.3",
      "license": "BSD-3-Clause"
    },
    "node_modules/d3-force": {
      "version": "1.1.0",
      "license": "BSD-3-Clause",
      "dependencies": {
        "d3-collection": "1",
        "d3-dispatch": "1",
        "d3-quadtree": "1",
        "d3-timer": "1"
      }
    },
    "node_modules/d3-format": {
      "version": "1.2.1",
      "license": "BSD-3-Clause"
    },
    "node_modules/d3-geo": {
      "version": "1.9.0",
      "license": "BSD-3-Clause",
      "dependencies": {
        "d3-array": "1"
      }
    },
    "node_modules/d3-hierarchy": {
      "version": "1.1.5",
      "license": "BSD-3-Clause"
    },
    "node_modules/d3-interpolate": {
      "version": "1.1.6",
      "license": "BSD-3-Clause",
      "dependencies": {
        "d3-color": "1"
      }
    },
    "node_modules/d3-path": {
      "version": "1.0.5",
      "license": "BSD-3-Clause"
    },
    "node_modules/d3-polygon": {
      "version": "1.0.3",
      "license": "BSD-3-Clause"
    },
    "node_modules/d3-quadtree": {
      "version": "1.0.3",
      "license": "BSD-3-Clause"
    },
    "node_modules/d3-queue": {
      "version": "3.0.7",
      "license": "BSD-3-Clause"
    },
    "node_modules/d3-random": {
      "version": "1.1.0",
      "license": "BSD-3-Clause"
    },
    "node_modules/d3-request": {
      "version": "1.0.6",
      "license": "BSD-3-Clause",
      "dependencies": {
        "d3-collection": "1",
        "d3-dispatch": "1",
        "d3-dsv": "1",
        "xmlhttprequest": "1"
      }
    },
    "node_modules/d3-scale": {
      "version": "1.0.7",
      "license": "BSD-3-Clause",
      "dependencies": {
        "d3-array": "^1.2.0",
        "d3-collection": "1",
        "d3-color": "1",
        "d3-format": "1",
        "d3-interpolate": "1",
        "d3-time": "1",
        "d3-time-format": "2"
      }
    },
    "node_modules/d3-selection": {
      "version": "1.2.0",
      "license": "BSD-3-Clause"
    },
    "node_modules/d3-shape": {
      "version": "1.2.0",
      "license": "BSD-3-Clause",
      "dependencies": {
        "d3-path": "1"
      }
    },
    "node_modules/d3-time": {
      "version": "1.0.8",
      "license": "BSD-3-Clause"
    },
    "node_modules/d3-time-format": {
      "version": "2.1.1",
      "license": "BSD-3-Clause",
      "dependencies": {
        "d3-time": "1"
      }
    },
    "node_modules/d3-timer": {
      "version": "1.0.7",
      "license": "BSD-3-Clause"
    },
    "node_modules/d3-transition": {
      "version": "1.1.1",
      "license": "BSD-3-Clause",
      "dependencies": {
        "d3-color": "1",
        "d3-dispatch": "1",
        "d3-ease": "1",
        "d3-interpolate": "1",
        "d3-selection": "^1.1.0",
        "d3-timer": "1"
      }
    },
    "node_modules/d3-voronoi": {
      "version": "1.1.2",
      "license": "BSD-3-Clause"
    },
    "node_modules/d3-zoom": {
      "version": "1.7.1",
      "license": "BSD-3-Clause",
      "dependencies": {
        "d3-dispatch": "1",
        "d3-drag": "1",
        "d3-interpolate": "1",
        "d3-selection": "1",
        "d3-transition": "1"
      }
    },
    "node_modules/file-saver": {
      "version": "1.3.3",
      "license": "MIT"
    },
    "node_modules/fs.realpath": {
      "version": "1.0.0",
      "dev": true,
      "license": "ISC"
    },
    "node_modules/glob": {
      "version": "7.1.2",
      "dev": true,
      "license": "ISC",
      "dependencies": {
        "fs.realpath": "^1.0.0",
        "inflight": "^1.0.4",
        "inherits": "2",
        "minimatch": "^3.0.4",
        "once": "^1.3.0",
        "path-is-absolute": "^1.0.0"
      },
      "engines": {
        "node": "*"
      }
    },
    "node_modules/iconv-lite": {
      "version": "0.4.19",
      "license": "MIT",
      "engines": {
        "node": ">=0.10.0"
      }
    },
    "node_modules/inflight": {
      "version": "1.0.6",
      "dev": true,
      "license": "ISC",
      "dependencies": {
        "once": "^1.3.0",
        "wrappy": "1"
      }
    },
    "node_modules/inherits": {
      "version": "2.0.3",
      "dev": true,
      "license": "ISC"
    },
    "node_modules/minimatch": {
      "version": "3.0.4",
      "dev": true,
      "license": "ISC",
      "dependencies": {
        "brace-expansion": "^1.1.7"
      },
      "engines": {
        "node": "*"
      }
    },
    "node_modules/once": {
      "version": "1.4.0",
      "dev": true,
      "license": "ISC",
      "dependencies": {
        "wrappy": "1"
      }
    },
    "node_modules/path-is-absolute": {
      "version": "1.0.1",
      "dev": true,
      "license": "MIT",
      "engines": {
        "node": ">=0.10.0"
      }
    },
    "node_modules/rimraf": {
      "version": "2.6.2",
      "dev": true,
      "license": "ISC",
      "dependencies": {
        "glob": "^7.0.5"
      },
      "bin": {
        "rimraf": "bin.js"
      }
    },
    "node_modules/rw": {
      "version": "1.3.3",
      "license": "BSD-3-Clause"
    },
    "node_modules/typescript": {
      "version": "2.6.2",
      "dev": true,
      "license": "Apache-2.0",
      "bin": {
        "tsc": "bin/tsc",
        "tsserver": "bin/tsserver"
      },
      "engines": {
        "node": ">=4.2.0"
      }
    },
    "node_modules/wrappy": {
      "version": "1.0.2",
      "dev": true,
      "license": "ISC"
    },
    "node_modules/xmlhttprequest": {
      "version": "1.8.0",
      "license": "MIT",
      "engines": {
        "node": ">=0.4.0"
      }
    }
  },
  "dependencies": {
    "@noworkflow/utils": {
      "version": "file:../utils",
      "requires": {
        "@types/d3": "^4.10.1",
        "d3": "^4.11.0",
        "rimraf": "^2.6.2",
        "typescript": "^2.5.3"
      },
      "dependencies": {
        "@types/d3": {
          "version": "4.12.0",
          "requires": {
            "@types/d3-array": "*",
            "@types/d3-axis": "*",
            "@types/d3-brush": "*",
            "@types/d3-chord": "*",
            "@types/d3-collection": "*",
            "@types/d3-color": "*",
            "@types/d3-dispatch": "*",
            "@types/d3-drag": "*",
            "@types/d3-dsv": "*",
            "@types/d3-ease": "*",
            "@types/d3-force": "*",
            "@types/d3-format": "*",
            "@types/d3-geo": "*",
            "@types/d3-hierarchy": "*",
            "@types/d3-interpolate": "*",
            "@types/d3-path": "*",
            "@types/d3-polygon": "*",
            "@types/d3-quadtree": "*",
            "@types/d3-queue": "*",
            "@types/d3-random": "*",
            "@types/d3-request": "*",
            "@types/d3-scale": "*",
            "@types/d3-selection": "*",
            "@types/d3-shape": "*",
            "@types/d3-time": "*",
            "@types/d3-time-format": "*",
            "@types/d3-timer": "*",
            "@types/d3-transition": "*",
            "@types/d3-voronoi": "*",
            "@types/d3-zoom": "*"
          }
        },
        "@types/d3-array": {
          "version": "1.2.1"
        },
        "@types/d3-axis": {
          "version": "1.0.9",
          "requires": {
            "@types/d3-selection": "*"
          }
        },
        "@types/d3-brush": {
          "version": "1.0.7",
          "requires": {
            "@types/d3-selection": "*"
          }
        },
        "@types/d3-chord": {
          "version": "1.0.6"
        },
        "@types/d3-collection": {
          "version": "1.0.5"
        },
        "@types/d3-color": {
          "version": "1.0.5"
        },
        "@types/d3-dispatch": {
          "version": "1.0.5"
        },
        "@types/d3-drag": {
          "version": "1.2.0",
          "requires": {
            "@types/d3-selection": "*"
          }
        },
        "@types/d3-dsv": {
          "version": "1.0.31"
        },
        "@types/d3-ease": {
          "version": "1.0.7"
        },
        "@types/d3-force": {
          "version": "1.1.0"
        },
        "@types/d3-format": {
          "version": "1.2.1"
        },
        "@types/d3-geo": {
          "version": "1.9.4",
          "requires": {
            "@types/geojson": "*"
          }
        },
        "@types/d3-hierarchy": {
          "version": "1.1.0"
        },
        "@types/d3-interpolate": {
          "version": "1.1.6",
          "requires": {
            "@types/d3-color": "*"
          }
        },
        "@types/d3-path": {
          "version": "1.0.6"
        },
        "@types/d3-polygon": {
          "version": "1.0.5"
        },
        "@types/d3-quadtree": {
          "version": "1.0.5"
        },
        "@types/d3-queue": {
          "version": "3.0.5"
        },
        "@types/d3-random": {
          "version": "1.1.0"
        },
        "@types/d3-request": {
          "version": "1.0.2",
          "requires": {
            "@types/d3-dsv": "*"
          }
        },
        "@types/d3-scale": {
          "version": "1.0.10",
          "requires": {
            "@types/d3-time": "*"
          }
        },
        "@types/d3-selection": {
          "version": "1.2.0"
        },
        "@types/d3-shape": {
          "version": "1.2.1",
          "requires": {
            "@types/d3-path": "*"
          }
        },
        "@types/d3-time": {
          "version": "1.0.7"
        },
        "@types/d3-time-format": {
          "version": "2.1.0"
        },
        "@types/d3-timer": {
          "version": "1.0.6"
        },
        "@types/d3-transition": {
          "version": "1.1.1",
          "requires": {
            "@types/d3-selection": "*"
          }
        },
        "@types/d3-voronoi": {
          "version": "1.1.7"
        },
        "@types/d3-zoom": {
          "version": "1.7.0",
          "requires": {
            "@types/d3-interpolate": "*",
            "@types/d3-selection": "*"
          }
        },
        "@types/geojson": {
          "version": "7946.0.0"
        },
        "balanced-match": {
          "version": "1.0.0",
          "dev": true
        },
        "brace-expansion": {
          "version": "1.1.8",
          "dev": true,
          "requires": {
            "balanced-match": "^1.0.0",
            "concat-map": "0.0.1"
          }
        },
        "commander": {
          "version": "2.12.2"
        },
        "concat-map": {
          "version": "0.0.1",
          "dev": true
        },
        "d3": {
          "version": "4.12.0",
          "requires": {
            "d3-array": "1.2.1",
            "d3-axis": "1.0.8",
            "d3-brush": "1.0.4",
            "d3-chord": "1.0.4",
            "d3-collection": "1.0.4",
            "d3-color": "1.0.3",
            "d3-dispatch": "1.0.3",
            "d3-drag": "1.2.1",
            "d3-dsv": "1.0.8",
            "d3-ease": "1.0.3",
            "d3-force": "1.1.0",
            "d3-format": "1.2.1",
            "d3-geo": "1.9.0",
            "d3-hierarchy": "1.1.5",
            "d3-interpolate": "1.1.6",
            "d3-path": "1.0.5",
            "d3-polygon": "1.0.3",
            "d3-quadtree": "1.0.3",
            "d3-queue": "3.0.7",
            "d3-random": "1.1.0",
            "d3-request": "1.0.6",
            "d3-scale": "1.0.7",
            "d3-selection": "1.2.0",
            "d3-shape": "1.2.0",
            "d3-time": "1.0.8",
            "d3-time-format": "2.1.1",
            "d3-timer": "1.0.7",
            "d3-transition": "1.1.1",
            "d3-voronoi": "1.1.2",
            "d3-zoom": "1.7.1"
          }
        },
        "d3-array": {
          "version": "1.2.1"
        },
        "d3-axis": {
          "version": "1.0.8"
        },
        "d3-brush": {
          "version": "1.0.4",
          "requires": {
            "d3-dispatch": "1",
            "d3-drag": "1",
            "d3-interpolate": "1",
            "d3-selection": "1",
            "d3-transition": "1"
          }
        },
        "d3-chord": {
          "version": "1.0.4",
          "requires": {
            "d3-array": "1",
            "d3-path": "1"
          }
        },
        "d3-collection": {
          "version": "1.0.4"
        },
        "d3-color": {
          "version": "1.0.3"
        },
        "d3-dispatch": {
          "version": "1.0.3"
        },
        "d3-drag": {
          "version": "1.2.1",
          "requires": {
            "d3-dispatch": "1",
            "d3-selection": "1"
          }
        },
        "d3-dsv": {
          "version": "1.0.8",
          "requires": {
            "commander": "2",
            "iconv-lite": "0.4",
            "rw": "1"
          }
        },
        "d3-ease": {
          "version": "1.0.3"
        },
        "d3-force": {
          "version": "1.1.0",
          "requires": {
            "d3-collection": "1",
            "d3-dispatch": "1",
            "d3-quadtree": "1",
            "d3-timer": "1"
          }
        },
        "d3-format": {
          "version": "1.2.1"
        },
        "d3-geo": {
          "version": "1.9.0",
          "requires": {
            "d3-array": "1"
          }
        },
        "d3-hierarchy": {
          "version": "1.1.5"
        },
        "d3-interpolate": {
          "version": "1.1.6",
          "requires": {
            "d3-color": "1"
          }
        },
        "d3-path": {
          "version": "1.0.5"
        },
        "d3-polygon": {
          "version": "1.0.3"
        },
        "d3-quadtree": {
          "version": "1.0.3"
        },
        "d3-queue": {
          "version": "3.0.7"
        },
        "d3-random": {
          "version": "1.1.0"
        },
        "d3-request": {
          "version": "1.0.6",
          "requires": {
            "d3-collection": "1",
            "d3-dispatch": "1",
            "d3-dsv": "1",
            "xmlhttprequest": "1"
          }
        },
        "d3-scale": {
          "version": "1.0.7",
          "requires": {
            "d3-array": "^1.2.0",
            "d3-collection": "1",
            "d3-color": "1",
            "d3-format": "1",
            "d3-interpolate": "1",
            "d3-time": "1",
            "d3-time-format": "2"
          }
        },
        "d3-selection": {
          "version": "1.2.0"
        },
        "d3-shape": {
          "version": "1.2.0",
          "requires": {
            "d3-path": "1"
          }
        },
        "d3-time": {
          "version": "1.0.8"
        },
        "d3-time-format": {
          "version": "2.1.1",
          "requires": {
            "d3-time": "1"
          }
        },
        "d3-timer": {
          "version": "1.0.7"
        },
        "d3-transition": {
          "version": "1.1.1",
          "requires": {
            "d3-color": "1",
            "d3-dispatch": "1",
            "d3-ease": "1",
            "d3-interpolate": "1",
            "d3-selection": "^1.1.0",
            "d3-timer": "1"
          }
        },
        "d3-voronoi": {
          "version": "1.1.2"
        },
        "d3-zoom": {
          "version": "1.7.1",
          "requires": {
            "d3-dispatch": "1",
            "d3-drag": "1",
            "d3-interpolate": "1",
            "d3-selection": "1",
            "d3-transition": "1"
          }
        },
        "fs.realpath": {
          "version": "1.0.0",
          "dev": true
        },
        "glob": {
          "version": "7.1.2",
          "dev": true,
          "requires": {
            "fs.realpath": "^1.0.0",
            "inflight": "^1.0.4",
            "inherits": "2",
            "minimatch": "^3.0.4",
            "once": "^1.3.0",
            "path-is-absolute": "^1.0.0"
          }
        },
        "iconv-lite": {
          "version": "0.4.19"
        },
        "inflight": {
          "version": "1.0.6",
          "dev": true,
          "requires": {
            "once": "^1.3.0",
            "wrappy": "1"
          }
        },
        "inherits": {
          "version": "2.0.3",
          "dev": true
        },
        "minimatch": {
          "version": "3.0.4",
          "dev": true,
          "requires": {
            "brace-expansion": "^1.1.7"
          }
        },
        "once": {
          "version": "1.4.0",
          "dev": true,
          "requires": {
            "wrappy": "1"
          }
        },
        "path-is-absolute": {
          "version": "1.0.1",
          "dev": true
        },
        "rimraf": {
          "version": "2.6.2",
          "dev": true,
          "requires": {
            "glob": "^7.0.5"
          }
        },
        "rw": {
          "version": "1.3.3"
        },
        "typescript": {
          "version": "2.6.2",
          "dev": true
        },
        "wrappy": {
          "version": "1.0.2",
          "dev": true
        },
        "xmlhttprequest": {
          "version": "1.8.0"
        }
      }
    },
    "@types/d3": {
      "version": "4.12.0",
      "requires": {
        "@types/d3-array": "*",
        "@types/d3-axis": "*",
        "@types/d3-brush": "*",
        "@types/d3-chord": "*",
        "@types/d3-collection": "*",
        "@types/d3-color": "*",
        "@types/d3-dispatch": "*",
        "@types/d3-drag": "*",
        "@types/d3-dsv": "*",
        "@types/d3-ease": "*",
        "@types/d3-force": "*",
        "@types/d3-format": "*",
        "@types/d3-geo": "*",
        "@types/d3-hierarchy": "*",
        "@types/d3-interpolate": "*",
        "@types/d3-path": "*",
        "@types/d3-polygon": "*",
        "@types/d3-quadtree": "*",
        "@types/d3-queue": "*",
        "@types/d3-random": "*",
        "@types/d3-request": "*",
        "@types/d3-scale": "*",
        "@types/d3-selection": "*",
        "@types/d3-shape": "*",
        "@types/d3-time": "*",
        "@types/d3-time-format": "*",
        "@types/d3-timer": "*",
        "@types/d3-transition": "*",
        "@types/d3-voronoi": "*",
        "@types/d3-zoom": "*"
      }
    },
    "@types/d3-array": {
      "version": "1.2.1"
    },
    "@types/d3-axis": {
      "version": "1.0.9",
      "requires": {
        "@types/d3-selection": "*"
      }
    },
    "@types/d3-brush": {
      "version": "1.0.7",
      "requires": {
        "@types/d3-selection": "*"
      }
    },
    "@types/d3-chord": {
      "version": "1.0.6"
    },
    "@types/d3-collection": {
      "version": "1.0.5"
    },
    "@types/d3-color": {
      "version": "1.0.5"
    },
    "@types/d3-dispatch": {
      "version": "1.0.5"
    },
    "@types/d3-drag": {
      "version": "1.2.0",
      "requires": {
        "@types/d3-selection": "*"
      }
    },
    "@types/d3-dsv": {
      "version": "1.0.31"
    },
    "@types/d3-ease": {
      "version": "1.0.7"
    },
    "@types/d3-force": {
      "version": "1.1.0"
    },
    "@types/d3-format": {
      "version": "1.2.1"
    },
    "@types/d3-geo": {
      "version": "1.9.4",
      "requires": {
        "@types/geojson": "*"
      }
    },
    "@types/d3-hierarchy": {
      "version": "1.1.0"
    },
    "@types/d3-interpolate": {
      "version": "1.1.6",
      "requires": {
        "@types/d3-color": "*"
      }
    },
    "@types/d3-path": {
      "version": "1.0.6"
    },
    "@types/d3-polygon": {
      "version": "1.0.5"
    },
    "@types/d3-quadtree": {
      "version": "1.0.5"
    },
    "@types/d3-queue": {
      "version": "3.0.5"
    },
    "@types/d3-random": {
      "version": "1.1.0"
    },
    "@types/d3-request": {
      "version": "1.0.2",
      "requires": {
        "@types/d3-dsv": "*"
      }
    },
    "@types/d3-scale": {
      "version": "1.0.10",
      "requires": {
        "@types/d3-time": "*"
      }
    },
    "@types/d3-selection": {
      "version": "1.2.0"
    },
    "@types/d3-shape": {
      "version": "1.2.1",
      "requires": {
        "@types/d3-path": "*"
      }
    },
    "@types/d3-time": {
      "version": "1.0.7"
    },
    "@types/d3-time-format": {
      "version": "2.1.0"
    },
    "@types/d3-timer": {
      "version": "1.0.6"
    },
    "@types/d3-transition": {
      "version": "1.1.1",
      "requires": {
        "@types/d3-selection": "*"
      }
    },
    "@types/d3-voronoi": {
      "version": "1.1.7"
    },
    "@types/d3-zoom": {
      "version": "1.7.0",
      "requires": {
        "@types/d3-interpolate": "*",
        "@types/d3-selection": "*"
      }
    },
    "@types/file-saver": {
      "version": "0.0.1"
    },
    "@types/geojson": {
      "version": "7946.0.0"
    },
    "balanced-match": {
      "version": "1.0.0",
      "dev": true
    },
    "brace-expansion": {
      "version": "1.1.8",
      "dev": true,
      "requires": {
        "balanced-match": "^1.0.0",
        "concat-map": "0.0.1"
      }
    },
    "commander": {
      "version": "2.12.2"
    },
    "concat-map": {
      "version": "0.0.1",
      "dev": true
    },
    "d3": {
      "version": "4.12.0",
      "requires": {
        "d3-array": "1.2.1",
        "d3-axis": "1.0.8",
        "d3-brush": "1.0.4",
        "d3-chord": "1.0.4",
        "d3-collection": "1.0.4",
        "d3-color": "1.0.3",
        "d3-dispatch": "1.0.3",
        "d3-drag": "1.2.1",
        "d3-dsv": "1.0.8",
        "d3-ease": "1.0.3",
        "d3-force": "1.1.0",
        "d3-format": "1.2.1",
        "d3-geo": "1.9.0",
        "d3-hierarchy": "1.1.5",
        "d3-interpolate": "1.1.6",
        "d3-path": "1.0.5",
        "d3-polygon": "1.0.3",
        "d3-quadtree": "1.0.3",
        "d3-queue": "3.0.7",
        "d3-random": "1.1.0",
        "d3-request": "1.0.6",
        "d3-scale": "1.0.7",
        "d3-selection": "1.2.0",
        "d3-shape": "1.2.0",
        "d3-time": "1.0.8",
        "d3-time-format": "2.1.1",
        "d3-timer": "1.0.7",
        "d3-transition": "1.1.1",
        "d3-voronoi": "1.1.2",
        "d3-zoom": "1.7.1"
      }
    },
    "d3-array": {
      "version": "1.2.1"
    },
    "d3-axis": {
      "version": "1.0.8"
    },
    "d3-brush": {
      "version": "1.0.4",
      "requires": {
        "d3-dispatch": "1",
        "d3-drag": "1",
        "d3-interpolate": "1",
        "d3-selection": "1",
        "d3-transition": "1"
      }
    },
    "d3-chord": {
      "version": "1.0.4",
      "requires": {
        "d3-array": "1",
        "d3-path": "1"
      }
    },
    "d3-collection": {
      "version": "1.0.4"
    },
    "d3-color": {
      "version": "1.0.3"
    },
    "d3-dispatch": {
      "version": "1.0.3"
    },
    "d3-drag": {
      "version": "1.2.1",
      "requires": {
        "d3-dispatch": "1",
        "d3-selection": "1"
      }
    },
    "d3-dsv": {
      "version": "1.0.8",
      "requires": {
        "commander": "2",
        "iconv-lite": "0.4",
        "rw": "1"
      }
    },
    "d3-ease": {
      "version": "1.0.3"
    },
    "d3-force": {
      "version": "1.1.0",
      "requires": {
        "d3-collection": "1",
        "d3-dispatch": "1",
        "d3-quadtree": "1",
        "d3-timer": "1"
      }
    },
    "d3-format": {
      "version": "1.2.1"
    },
    "d3-geo": {
      "version": "1.9.0",
      "requires": {
        "d3-array": "1"
      }
    },
    "d3-hierarchy": {
      "version": "1.1.5"
    },
    "d3-interpolate": {
      "version": "1.1.6",
      "requires": {
        "d3-color": "1"
      }
    },
    "d3-path": {
      "version": "1.0.5"
    },
    "d3-polygon": {
      "version": "1.0.3"
    },
    "d3-quadtree": {
      "version": "1.0.3"
    },
    "d3-queue": {
      "version": "3.0.7"
    },
    "d3-random": {
      "version": "1.1.0"
    },
    "d3-request": {
      "version": "1.0.6",
      "requires": {
        "d3-collection": "1",
        "d3-dispatch": "1",
        "d3-dsv": "1",
        "xmlhttprequest": "1"
      }
    },
    "d3-scale": {
      "version": "1.0.7",
      "requires": {
        "d3-array": "^1.2.0",
        "d3-collection": "1",
        "d3-color": "1",
        "d3-format": "1",
        "d3-interpolate": "1",
        "d3-time": "1",
        "d3-time-format": "2"
      }
    },
    "d3-selection": {
      "version": "1.2.0"
    },
    "d3-shape": {
      "version": "1.2.0",
      "requires": {
        "d3-path": "1"
      }
    },
    "d3-time": {
      "version": "1.0.8"
    },
    "d3-time-format": {
      "version": "2.1.1",
      "requires": {
        "d3-time": "1"
      }
    },
    "d3-timer": {
      "version": "1.0.7"
    },
    "d3-transition": {
      "version": "1.1.1",
      "requires": {
        "d3-color": "1",
        "d3-dispatch": "1",
        "d3-ease": "1",
        "d3-interpolate": "1",
        "d3-selection": "^1.1.0",
        "d3-timer": "1"
      }
    },
    "d3-voronoi": {
      "version": "1.1.2"
    },
    "d3-zoom": {
      "version": "1.7.1",
      "requires": {
        "d3-dispatch": "1",
        "d3-drag": "1",
        "d3-interpolate": "1",
        "d3-selection": "1",
        "d3-transition": "1"
      }
    },
    "file-saver": {
      "version": "1.3.3"
    },
    "fs.realpath": {
      "version": "1.0.0",
      "dev": true
    },
    "glob": {
      "version": "7.1.2",
      "dev": true,
      "requires": {
        "fs.realpath": "^1.0.0",
        "inflight": "^1.0.4",
        "inherits": "2",
        "minimatch": "^3.0.4",
        "once": "^1.3.0",
        "path-is-absolute": "^1.0.0"
      }
    },
    "iconv-lite": {
      "version": "0.4.19"
    },
    "inflight": {
      "version": "1.0.6",
      "dev": true,
      "requires": {
        "once": "^1.3.0",
        "wrappy": "1"
      }
    },
    "inherits": {
      "version": "2.0.3",
      "dev": true
    },
    "minimatch": {
      "version": "3.0.4",
      "dev": true,
      "requires": {
        "brace-expansion": "^1.1.7"
      }
    },
    "once": {
      "version": "1.4.0",
      "dev": true,
      "requires": {
        "wrappy": "1"
      }
    },
    "path-is-absolute": {
      "version": "1.0.1",
      "dev": true
    },
    "rimraf": {
      "version": "2.6.2",
      "dev": true,
      "requires": {
        "glob": "^7.0.5"
      }
    },
    "rw": {
      "version": "1.3.3"
    },
    "typescript": {
      "version": "2.6.2",
      "dev": true
    },
    "wrappy": {
      "version": "1.0.2",
      "dev": true
    },
    "xmlhttprequest": {
      "version": "1.8.0"
    }
  }
}
